{
  "version": 4,
  "terraform_version": "1.0.7",
  "serial": 27,
  "lineage": "8b8dabfe-7138-9cd2-ec48-b0833db67688",
  "outputs": {
    "public_ip_address": {
      "value": "20.124.210.81",
      "type": "string"
    },
    "resource_group_name": {
      "value": "rg-capital-stinkbug",
      "type": "string"
    },
    "tls_private_key": {
      "value": "-----BEGIN RSA PRIVATE KEY-----\nMIIJKAIBAAKCAgEAzu97IMaKNjeOkj/RgMjV6Y/j6ohqEcbSeeZc91kG5NxiCgKG\nv6EETS7h18G+JUEHr56bxEdHIjvc+L+4SIwQiQ8x2RpsBd5THUeWhavWmpXbshZ6\nxSSmd9zRDetsKgx85GBvKzTvhwEs6ekDlQcdSxL8XUx/a30JURmDuxvgLilkHbTA\n8uCUWsdVlluo8SdYjrO+gkd1poXmCqyy+0NtuI6uLZ7Zw98EW2Odz2rmxlN09c4W\nY/569ixPA8bbQmrjHCsuzy3Rh4XULy1xp8IWKbgWqXN/m9y6s0PeOFeu2FOLHolO\n6EcGcX6uHneC+sAvila6w0ijYbwD4CZpkwDAcujP3kQo2HGSyo3AGbMXdYzozKKk\n22M5M4aha0UhCMo94kED0fK81f/E4KRBjynEyfpP9YOFHCpSg0XUcTmiwmxTzfdd\neq8IMJstOY7KTIyUV0eW0uj8MUhjMQ43j37urRMi/Nz49YXMtpeY/qP/cyvpHh9c\nW7unWWXQX2B4jgtL/Qr3E8W/AlFk8uudMgcvg30x9ly6TTgMYViw5/7co0+UNaGl\nEweHzfmv8FFHlLCVdTQIvorC0FtWD7RrJgdUbbKSjBhCPX2ADhWMODwY0BUZ+jj1\nJQ3dT6Y7KHpi4eYJwcfMOuJrq6+h1FYRCgT+nxX3Nw3suCAF4ZbxsWXBnmkCAwEA\nAQKCAgAFDiKi5VbBBlBsUDTNAZsALqyxsQ1uS74ejjsdK8aYVq3qcq9aBRP20rtf\nqvL7NAB9ENHbVKZvNqkqRny5APrybjWYiSW0av76yyHpOA5xDlIkopnzMPcEHJfa\n0DJ/QHjYl2Z/1rY3RRcUy8VzoY3cpKUXnmPKe2571bS7IG40knxIoX7JMCVPpmj3\n2FtjMMPgEJIJ2rcMD19USW3B557JkGq+4I+PUmZn2SIkzAbBN4625obzgGb+loyD\nmhsHH1dW+9MT6pmgxustD94j7ADgmgersg+e/iBteq32EGZMEJZoc5BC6mFE6oRU\naDUB7Sn8Jiw/0wlyvMYXdrjDh5Qr7zS2xJ8Rp8TRyaD6jgB79IvLmsJwIiZI+ZPg\nUe56BIvQaAdCaveuduNbIW8m1TWwSDHLX0WrUCtz5bsNfhRCsAzrRoXBzS/uUiTc\n/nm1AvMFZfL/AzNchP3/o5ryUBw61cITW2lxPOzwONUVqwlj+PIjyz+AUDD2FrUA\n+BNRSIAjQUX3Crb9ZEmU2b4Owi8yIf0UY2dURNoebkLRqPvoAPX+ZDQITbbNzrKV\ni0SwbsbZsvErO1NF1jJzhYj1zCq+muHI45v3Kl2pZFYv5yAHfuMJJP+4OExSUoCj\n/gyJhTGv8GfGKu58JIUsLd7a8FE5T/PuSFtk9Cl0fPpIKE8uUQKCAQEA7+7WYMvf\nQdhHgtRYd5s3K0g/jmxJHxHe+ij/QiXpxZQY6fNQt5tzj4dEFw/nGdkgieRKkdOQ\nQI6GEHc09877TsZhPg8YUHwMKJRecJjIgtaeIsjHNc/f79fS0w4XfagV2TmAso/D\njlibw4PcxVY22kuI5vYmXHUDr2JCKF9AI0/Zm+BRRmzpSdW+tSFfC2FgwgD1cqKN\nZcwVefkMzgkGCjipwylFFu/tYLm0PbKo20AtYisnhuCJAi2aeZKqJenn56892B2K\nn7lMMkSdg664+reExjYUtXHNJqnoin0jSr0fFEADKhmxmQBDYLhvKZMKGHHR7Kfb\nUnykGdiEsleFNQKCAQEA3Mr4ASFyQbip/JE41zjFz9aSvyW4Y21YumKxHoQp40Vg\neIl6UakSE9jfGoAf7fA4aJLArgyYki2DLOXBHO4J52jBZnkGmHlaUm2APZTlT+6Y\n2UTbidvuynhmISofF2pB122LRzmZ18PfD/78bwqdASr55TQ6244Sm41YsHUwg4AY\nVcoeAunTbb1knFrN/O6Lb69DrOVu4gTtoMwEKBn46jcIZlS1MiKWUtzujG3LI6OO\nNYEjzuBVgRZGOLCdmV/YhUThnYxZls7zdQQWl84/kjmE8/eiK+GTosBXVQeNZn/I\nQ1f/pGNk5pxWbZXgi8OWFNPeScZ95Kf/N+X8KBZe5QKCAQBU2Cl46z8Uoq2PBxYN\nnZahuJe4/nPRB9nIroytUIjdNGSm/kKx2se/nn6mhRoc2toVyOPRs3WUTpH76puR\nceEOVzp13pKji2olQ2ot+OkW01vyQvum/M5cmv5TYe1Oowyu1xW6jvoBMTZLqip8\noeMdyI4t1id0lHBsKZvpeN1OX2M9KtKyy7qnQG2C0b0xYgr8L6icE/1aXRPPIRG1\nHh3DqYvmloZ2+PsBNEoXc0Eg3w3tZANDP81TNtskWIfQhmlaVW7SKIgnuTfHotns\ngfGpvxG1odQq4YZBQN4Zcuzy9fOyjnxP++wAhcZNwoqUsglk4YLxY947yhWhih5K\njoZtAoIBACuRUYbHlsgpLEHOVi0B4ua0LJjTVKMp/Iwq1VB0O9/A3NxsJFrgxdRs\nwvlzttk4wajA7Ixrp9+QY4YEgCq5PfMP1Lnnv8luiMgjG18LdoRjTH3y/G8jmucR\nAvYgXao9KWjdENKpJxZQbD+3zRAMRBbq6Ay2VbblPf670XhgZ4ZLTIIBNBLXGQVa\njfPcZzE10QXky7HeRBcNaeaE230eQuPUoC+xH2AZOxh2yAulzqPlrjYYmXxFABpM\nzuZ402BkbVE+2lZAT51WkOvSNrMV26169CVABBwskvlWguUgbGKBbH79alCB3HM0\n/kj5fimWGpNZi097f3QTQmVBWJSAdZECggEBAIIXIFaknY7OuvzJ0dPdSnKMKOKS\nodyn/zaI+V1X4dF5DswY0IdHIxE7Evns5Fxq6mb3GwOS+sNAekDAT/AcJh2RFUaR\nMp0LADaaMuydBYFfl7ABQp6h2YPn2flY8Ic/OVmvG0JN4LZsrbRqeDTFbWVMYSN2\nZJg1e78ddywpbQtaSNNdUNrCRHI+nT5Qu28kKddWYNYVxAohEr0nVw7vFUyiWTYH\n+dGuy/8OaELJTD1iTTZURUq2FdQQA/BNwcnP/XtkUWBgVZFix8BsOiVcaXTsW5Ee\nukPQxy6PEmRzRvEuh61Vz3jj7LySX8VNYQLR2Lpu1hx4XFFsooHnMBMkhvk=\n-----END RSA PRIVATE KEY-----\n",
      "type": "string",
      "sensitive": true
    }
  },
  "resources": [
    {
      "mode": "managed",
      "type": "azurerm_linux_virtual_machine",
      "name": "myterraformvm",
      "provider": "provider[\"registry.terraform.io/hashicorp/azurerm\"]",
      "instances": [
        {
          "schema_version": 0,
          "attributes": {
            "additional_capabilities": [],
            "admin_password": null,
            "admin_ssh_key": [
              {
                "public_key": "ssh-rsa AAAAB3NzaC1yc2EAAAADAQABAAACAQDO73sgxoo2N46SP9GAyNXpj+PqiGoRxtJ55lz3WQbk3GIKAoa/oQRNLuHXwb4lQQevnpvER0ciO9z4v7hIjBCJDzHZGmwF3lMdR5aFq9aalduyFnrFJKZ33NEN62wqDHzkYG8rNO+HASzp6QOVBx1LEvxdTH9rfQlRGYO7G+AuKWQdtMDy4JRax1WWW6jxJ1iOs76CR3WmheYKrLL7Q224jq4tntnD3wRbY53PaubGU3T1zhZj/nr2LE8DxttCauMcKy7PLdGHhdQvLXGnwhYpuBapc3+b3LqzQ944V67YU4seiU7oRwZxfq4ed4L6wC+KVrrDSKNhvAPgJmmTAMBy6M/eRCjYcZLKjcAZsxd1jOjMoqTbYzkzhqFrRSEIyj3iQQPR8rzV/8TgpEGPKcTJ+k/1g4UcKlKDRdRxOaLCbFPN9116rwgwmy05jspMjJRXR5bS6PwxSGMxDjePfu6tEyL83Pj1hcy2l5j+o/9zK+keH1xbu6dZZdBfYHiOC0v9CvcTxb8CUWTy650yBy+DfTH2XLpNOAxhWLDn/tyjT5Q1oaUTB4fN+a/wUUeUsJV1NAi+isLQW1YPtGsmB1RtspKMGEI9fYAOFYw4PBjQFRn6OPUlDd1PpjsoemLh5gnBx8w64murr6HUVhEKBP6fFfc3Dey4IAXhlvGxZcGeaQ==\n",
                "username": "azureuser"
              }
            ],
            "admin_username": "azureuser",
            "allow_extension_operations": true,
            "availability_set_id": "",
            "boot_diagnostics": [
              {
                "storage_account_uri": "https://diaga4868773c84b635f.blob.core.windows.net/"
              }
            ],
            "computer_name": "myvm",
            "custom_data": null,
            "dedicated_host_group_id": "",
            "dedicated_host_id": "",
            "disable_password_authentication": true,
            "edge_zone": "",
            "encryption_at_host_enabled": false,
            "eviction_policy": "",
            "extensions_time_budget": "PT1H30M",
            "id": "/subscriptions/d8001963-4d58-4b89-a56f-3db63f96cbe6/resourceGroups/rg-capital-stinkbug/providers/Microsoft.Compute/virtualMachines/myVM",
            "identity": [],
            "license_type": "",
            "location": "eastus",
            "max_bid_price": -1,
            "name": "myVM",
            "network_interface_ids": [
              "/subscriptions/d8001963-4d58-4b89-a56f-3db63f96cbe6/resourceGroups/rg-capital-stinkbug/providers/Microsoft.Network/networkInterfaces/myNIC"
            ],
            "os_disk": [
              {
                "caching": "ReadWrite",
                "diff_disk_settings": [],
                "disk_encryption_set_id": "",
                "disk_size_gb": 30,
                "name": "myOsDisk",
                "storage_account_type": "Premium_LRS",
                "write_accelerator_enabled": false
              }
            ],
            "patch_mode": "ImageDefault",
            "plan": [],
            "platform_fault_domain": -1,
            "priority": "Regular",
            "private_ip_address": "10.0.1.4",
            "private_ip_addresses": [
              "10.0.1.4"
            ],
            "provision_vm_agent": true,
            "proximity_placement_group_id": "",
            "public_ip_address": "20.124.210.81",
            "public_ip_addresses": [
              "20.124.210.81"
            ],
            "resource_group_name": "rg-capital-stinkbug",
            "secret": [],
            "secure_boot_enabled": false,
            "size": "Standard_DS1_v2",
            "source_image_id": "",
            "source_image_reference": [
              {
                "offer": "UbuntuServer",
                "publisher": "Canonical",
                "sku": "18.04-LTS",
                "version": "latest"
              }
            ],
            "tags": null,
            "termination_notification": null,
            "timeouts": null,
            "user_data": "",
            "virtual_machine_id": "2ad7f019-c5f1-4bfc-b863-f85fe5aa19b1",
            "virtual_machine_scale_set_id": "",
            "vtpm_enabled": false,
            "zone": ""
          },
          "sensitive_attributes": [],
          "private": "eyJlMmJmYjczMC1lY2FhLTExZTYtOGY4OC0zNDM2M2JjN2M0YzAiOnsiY3JlYXRlIjoyNzAwMDAwMDAwMDAwLCJkZWxldGUiOjI3MDAwMDAwMDAwMDAsInJlYWQiOjMwMDAwMDAwMDAwMCwidXBkYXRlIjoyNzAwMDAwMDAwMDAwfX0=",
          "dependencies": [
            "azurerm_network_interface.myterraformnic",
            "azurerm_public_ip.myterraformpublicip",
            "azurerm_resource_group.rg",
            "azurerm_storage_account.mystorageaccount",
            "azurerm_subnet.myterraformsubnet",
            "azurerm_virtual_network.myterraformnetwork",
            "random_id.randomId",
            "random_pet.rg-name",
            "tls_private_key.example_ssh"
          ]
        }
      ]
    },
    {
      "mode": "managed",
      "type": "azurerm_network_interface",
      "name": "myterraformnic",
      "provider": "provider[\"registry.terraform.io/hashicorp/azurerm\"]",
      "instances": [
        {
          "schema_version": 0,
          "attributes": {
            "applied_dns_servers": [],
            "dns_servers": [],
            "edge_zone": "",
            "enable_accelerated_networking": false,
            "enable_ip_forwarding": false,
            "id": "/subscriptions/d8001963-4d58-4b89-a56f-3db63f96cbe6/resourceGroups/rg-capital-stinkbug/providers/Microsoft.Network/networkInterfaces/myNIC",
            "internal_dns_name_label": "",
            "internal_domain_name_suffix": "i4uhvv1tnteeneoepfp4pu3ptd.bx.internal.cloudapp.net",
            "ip_configuration": [
              {
                "gateway_load_balancer_frontend_ip_configuration_id": "",
                "name": "myNicConfiguration",
                "primary": true,
                "private_ip_address": "10.0.1.4",
                "private_ip_address_allocation": "Dynamic",
                "private_ip_address_version": "IPv4",
                "public_ip_address_id": "/subscriptions/d8001963-4d58-4b89-a56f-3db63f96cbe6/resourceGroups/rg-capital-stinkbug/providers/Microsoft.Network/publicIPAddresses/myPublicIP",
                "subnet_id": "/subscriptions/d8001963-4d58-4b89-a56f-3db63f96cbe6/resourceGroups/rg-capital-stinkbug/providers/Microsoft.Network/virtualNetworks/myVnet/subnets/mySubnet"
              }
            ],
            "location": "eastus",
            "mac_address": "",
            "name": "myNIC",
            "private_ip_address": "10.0.1.4",
            "private_ip_addresses": [
              "10.0.1.4"
            ],
            "resource_group_name": "rg-capital-stinkbug",
            "tags": null,
            "timeouts": null,
            "virtual_machine_id": ""
          },
          "sensitive_attributes": [],
          "private": "eyJlMmJmYjczMC1lY2FhLTExZTYtOGY4OC0zNDM2M2JjN2M0YzAiOnsiY3JlYXRlIjoxODAwMDAwMDAwMDAwLCJkZWxldGUiOjE4MDAwMDAwMDAwMDAsInJlYWQiOjMwMDAwMDAwMDAwMCwidXBkYXRlIjoxODAwMDAwMDAwMDAwfX0=",
          "dependencies": [
            "azurerm_public_ip.myterraformpublicip",
            "azurerm_resource_group.rg",
            "azurerm_subnet.myterraformsubnet",
            "azurerm_virtual_network.myterraformnetwork",
            "random_pet.rg-name"
          ]
        }
      ]
    },
    {
      "mode": "managed",
      "type": "azurerm_network_interface_security_group_association",
      "name": "example",
      "provider": "provider[\"registry.terraform.io/hashicorp/azurerm\"]",
      "instances": [
        {
          "schema_version": 0,
          "attributes": {
            "id": "/subscriptions/d8001963-4d58-4b89-a56f-3db63f96cbe6/resourceGroups/rg-capital-stinkbug/providers/Microsoft.Network/networkInterfaces/myNIC|/subscriptions/d8001963-4d58-4b89-a56f-3db63f96cbe6/resourceGroups/rg-capital-stinkbug/providers/Microsoft.Network/networkSecurityGroups/myNetworkSecurityGroup",
            "network_interface_id": "/subscriptions/d8001963-4d58-4b89-a56f-3db63f96cbe6/resourceGroups/rg-capital-stinkbug/providers/Microsoft.Network/networkInterfaces/myNIC",
            "network_security_group_id": "/subscriptions/d8001963-4d58-4b89-a56f-3db63f96cbe6/resourceGroups/rg-capital-stinkbug/providers/Microsoft.Network/networkSecurityGroups/myNetworkSecurityGroup",
            "timeouts": null
          },
          "sensitive_attributes": [],
          "private": "eyJlMmJmYjczMC1lY2FhLTExZTYtOGY4OC0zNDM2M2JjN2M0YzAiOnsiY3JlYXRlIjoxODAwMDAwMDAwMDAwLCJkZWxldGUiOjE4MDAwMDAwMDAwMDAsInJlYWQiOjMwMDAwMDAwMDAwMCwidXBkYXRlIjoxODAwMDAwMDAwMDAwfX0=",
          "dependencies": [
            "azurerm_network_interface.myterraformnic",
            "azurerm_network_security_group.myterraformnsg",
            "azurerm_public_ip.myterraformpublicip",
            "azurerm_resource_group.rg",
            "azurerm_subnet.myterraformsubnet",
            "azurerm_virtual_network.myterraformnetwork",
            "random_pet.rg-name"
          ]
        }
      ]
    },
    {
      "mode": "managed",
      "type": "azurerm_network_security_group",
      "name": "myterraformnsg",
      "provider": "provider[\"registry.terraform.io/hashicorp/azurerm\"]",
      "instances": [
        {
          "schema_version": 0,
          "attributes": {
            "id": "/subscriptions/d8001963-4d58-4b89-a56f-3db63f96cbe6/resourceGroups/rg-capital-stinkbug/providers/Microsoft.Network/networkSecurityGroups/myNetworkSecurityGroup",
            "location": "eastus",
            "name": "myNetworkSecurityGroup",
            "resource_group_name": "rg-capital-stinkbug",
            "security_rule": [
              {
                "access": "Allow",
                "description": "",
                "destination_address_prefix": "*",
                "destination_address_prefixes": [],
                "destination_application_security_group_ids": [],
                "destination_port_range": "22",
                "destination_port_ranges": [],
                "direction": "Inbound",
                "name": "SSH",
                "priority": 1001,
                "protocol": "Tcp",
                "source_address_prefix": "*",
                "source_address_prefixes": [],
                "source_application_security_group_ids": [],
                "source_port_range": "*",
                "source_port_ranges": []
              }
            ],
            "tags": null,
            "timeouts": null
          },
          "sensitive_attributes": [],
          "private": "eyJlMmJmYjczMC1lY2FhLTExZTYtOGY4OC0zNDM2M2JjN2M0YzAiOnsiY3JlYXRlIjoxODAwMDAwMDAwMDAwLCJkZWxldGUiOjE4MDAwMDAwMDAwMDAsInJlYWQiOjMwMDAwMDAwMDAwMCwidXBkYXRlIjoxODAwMDAwMDAwMDAwfX0=",
          "dependencies": [
            "azurerm_resource_group.rg",
            "random_pet.rg-name"
          ]
        }
      ]
    },
    {
      "mode": "managed",
      "type": "azurerm_public_ip",
      "name": "myterraformpublicip",
      "provider": "provider[\"registry.terraform.io/hashicorp/azurerm\"]",
      "instances": [
        {
          "schema_version": 0,
          "attributes": {
            "allocation_method": "Dynamic",
            "domain_name_label": null,
            "edge_zone": "",
            "fqdn": null,
            "id": "/subscriptions/d8001963-4d58-4b89-a56f-3db63f96cbe6/resourceGroups/rg-capital-stinkbug/providers/Microsoft.Network/publicIPAddresses/myPublicIP",
            "idle_timeout_in_minutes": 4,
            "ip_address": "",
            "ip_tags": null,
            "ip_version": "IPv4",
            "location": "eastus",
            "name": "myPublicIP",
            "public_ip_prefix_id": null,
            "resource_group_name": "rg-capital-stinkbug",
            "reverse_fqdn": null,
            "sku": "Basic",
            "sku_tier": "Regional",
            "tags": null,
            "timeouts": null,
            "zones": null
          },
          "sensitive_attributes": [],
          "private": "eyJlMmJmYjczMC1lY2FhLTExZTYtOGY4OC0zNDM2M2JjN2M0YzAiOnsiY3JlYXRlIjoxODAwMDAwMDAwMDAwLCJkZWxldGUiOjE4MDAwMDAwMDAwMDAsInJlYWQiOjMwMDAwMDAwMDAwMCwidXBkYXRlIjoxODAwMDAwMDAwMDAwfX0=",
          "dependencies": [
            "azurerm_resource_group.rg",
            "random_pet.rg-name"
          ]
        }
      ]
    },
    {
      "mode": "managed",
      "type": "azurerm_resource_group",
      "name": "rg",
      "provider": "provider[\"registry.terraform.io/hashicorp/azurerm\"]",
      "instances": [
        {
          "schema_version": 0,
          "attributes": {
            "id": "/subscriptions/d8001963-4d58-4b89-a56f-3db63f96cbe6/resourceGroups/rg-capital-stinkbug",
            "location": "eastus",
            "name": "rg-capital-stinkbug",
            "tags": null,
            "timeouts": null
          },
          "sensitive_attributes": [],
          "private": "eyJlMmJmYjczMC1lY2FhLTExZTYtOGY4OC0zNDM2M2JjN2M0YzAiOnsiY3JlYXRlIjo1NDAwMDAwMDAwMDAwLCJkZWxldGUiOjU0MDAwMDAwMDAwMDAsInJlYWQiOjMwMDAwMDAwMDAwMCwidXBkYXRlIjo1NDAwMDAwMDAwMDAwfX0=",
          "dependencies": [
            "random_pet.rg-name"
          ]
        }
      ]
    },
    {
      "mode": "managed",
      "type": "azurerm_storage_account",
      "name": "mystorageaccount",
      "provider": "provider[\"registry.terraform.io/hashicorp/azurerm\"]",
      "instances": [
        {
          "schema_version": 3,
          "attributes": {
            "access_tier": "Hot",
            "account_kind": "StorageV2",
            "account_replication_type": "LRS",
            "account_tier": "Standard",
            "allow_nested_items_to_be_public": true,
            "azure_files_authentication": [],
            "blob_properties": [
              {
                "change_feed_enabled": false,
                "container_delete_retention_policy": [],
                "cors_rule": [],
                "default_service_version": "",
                "delete_retention_policy": [],
                "last_access_time_enabled": false,
                "versioning_enabled": false
              }
            ],
            "custom_domain": [],
            "customer_managed_key": [],
            "edge_zone": "",
            "enable_https_traffic_only": true,
            "id": "/subscriptions/d8001963-4d58-4b89-a56f-3db63f96cbe6/resourceGroups/rg-capital-stinkbug/providers/Microsoft.Storage/storageAccounts/diaga4868773c84b635f",
            "identity": [],
            "infrastructure_encryption_enabled": false,
            "is_hns_enabled": false,
            "large_file_share_enabled": null,
            "location": "eastus",
            "min_tls_version": "TLS1_2",
            "name": "diaga4868773c84b635f",
            "network_rules": [
              {
                "bypass": [
                  "AzureServices"
                ],
                "default_action": "Allow",
                "ip_rules": [],
                "private_link_access": [],
                "virtual_network_subnet_ids": []
              }
            ],
            "nfsv3_enabled": false,
            "primary_access_key": "AKb5+2uFGT5p9/I1kSJ2TB7k9OKzJ2sh7ISTVSJu1xOhkq3izxws2PSOXk5cz9DvJXiSltmFzhWi+AStl0QZMw==",
            "primary_blob_connection_string": "DefaultEndpointsProtocol=https;BlobEndpoint=https://diaga4868773c84b635f.blob.core.windows.net/;AccountName=diaga4868773c84b635f;AccountKey=AKb5+2uFGT5p9/I1kSJ2TB7k9OKzJ2sh7ISTVSJu1xOhkq3izxws2PSOXk5cz9DvJXiSltmFzhWi+AStl0QZMw==",
            "primary_blob_endpoint": "https://diaga4868773c84b635f.blob.core.windows.net/",
            "primary_blob_host": "diaga4868773c84b635f.blob.core.windows.net",
            "primary_connection_string": "DefaultEndpointsProtocol=https;AccountName=diaga4868773c84b635f;AccountKey=AKb5+2uFGT5p9/I1kSJ2TB7k9OKzJ2sh7ISTVSJu1xOhkq3izxws2PSOXk5cz9DvJXiSltmFzhWi+AStl0QZMw==;EndpointSuffix=core.windows.net",
            "primary_dfs_endpoint": "https://diaga4868773c84b635f.dfs.core.windows.net/",
            "primary_dfs_host": "diaga4868773c84b635f.dfs.core.windows.net",
            "primary_file_endpoint": "https://diaga4868773c84b635f.file.core.windows.net/",
            "primary_file_host": "diaga4868773c84b635f.file.core.windows.net",
            "primary_location": "eastus",
            "primary_queue_endpoint": "https://diaga4868773c84b635f.queue.core.windows.net/",
            "primary_queue_host": "diaga4868773c84b635f.queue.core.windows.net",
            "primary_table_endpoint": "https://diaga4868773c84b635f.table.core.windows.net/",
            "primary_table_host": "diaga4868773c84b635f.table.core.windows.net",
            "primary_web_endpoint": "https://diaga4868773c84b635f.z13.web.core.windows.net/",
            "primary_web_host": "diaga4868773c84b635f.z13.web.core.windows.net",
            "queue_encryption_key_type": "Service",
            "queue_properties": [
              {
                "cors_rule": [],
                "hour_metrics": [
                  {
                    "enabled": true,
                    "include_apis": true,
                    "retention_policy_days": 7,
                    "version": "1.0"
                  }
                ],
                "logging": [
                  {
                    "delete": false,
                    "read": false,
                    "retention_policy_days": 0,
                    "version": "1.0",
                    "write": false
                  }
                ],
                "minute_metrics": [
                  {
                    "enabled": false,
                    "include_apis": false,
                    "retention_policy_days": 0,
                    "version": "1.0"
                  }
                ]
              }
            ],
            "resource_group_name": "rg-capital-stinkbug",
            "routing": [],
            "secondary_access_key": "DME7Bhk+BES/WfpxHCKFU7WIVrWcCKXbkswI6Far4OowuUIdcL5XBH/1654DPfrQaELPhn83QFPP+ASth4jeDw==",
            "secondary_blob_connection_string": "",
            "secondary_blob_endpoint": null,
            "secondary_blob_host": null,
            "secondary_connection_string": "DefaultEndpointsProtocol=https;AccountName=diaga4868773c84b635f;AccountKey=DME7Bhk+BES/WfpxHCKFU7WIVrWcCKXbkswI6Far4OowuUIdcL5XBH/1654DPfrQaELPhn83QFPP+ASth4jeDw==;EndpointSuffix=core.windows.net",
            "secondary_dfs_endpoint": null,
            "secondary_dfs_host": null,
            "secondary_file_endpoint": null,
            "secondary_file_host": null,
            "secondary_location": "",
            "secondary_queue_endpoint": null,
            "secondary_queue_host": null,
            "secondary_table_endpoint": null,
            "secondary_table_host": null,
            "secondary_web_endpoint": null,
            "secondary_web_host": null,
            "share_properties": [
              {
                "cors_rule": [],
                "retention_policy": [
                  {
                    "days": 7
                  }
                ],
                "smb": []
              }
            ],
            "shared_access_key_enabled": true,
            "static_website": [],
            "table_encryption_key_type": "Service",
            "tags": null,
            "timeouts": null
          },
          "sensitive_attributes": [],
          "private": "eyJlMmJmYjczMC1lY2FhLTExZTYtOGY4OC0zNDM2M2JjN2M0YzAiOnsiY3JlYXRlIjozNjAwMDAwMDAwMDAwLCJkZWxldGUiOjM2MDAwMDAwMDAwMDAsInJlYWQiOjMwMDAwMDAwMDAwMCwidXBkYXRlIjozNjAwMDAwMDAwMDAwfSwic2NoZW1hX3ZlcnNpb24iOiIzIn0=",
          "dependencies": [
            "azurerm_resource_group.rg",
            "random_id.randomId",
            "random_pet.rg-name"
          ]
        }
      ]
    },
    {
      "mode": "managed",
      "type": "azurerm_subnet",
      "name": "myterraformsubnet",
      "provider": "provider[\"registry.terraform.io/hashicorp/azurerm\"]",
      "instances": [
        {
          "schema_version": 0,
          "attributes": {
            "address_prefixes": [
              "10.0.1.0/24"
            ],
            "delegation": [],
            "enforce_private_link_endpoint_network_policies": false,
            "enforce_private_link_service_network_policies": false,
            "id": "/subscriptions/d8001963-4d58-4b89-a56f-3db63f96cbe6/resourceGroups/rg-capital-stinkbug/providers/Microsoft.Network/virtualNetworks/myVnet/subnets/mySubnet",
            "name": "mySubnet",
            "resource_group_name": "rg-capital-stinkbug",
            "service_endpoint_policy_ids": null,
            "service_endpoints": null,
            "timeouts": null,
            "virtual_network_name": "myVnet"
          },
          "sensitive_attributes": [],
          "private": "eyJlMmJmYjczMC1lY2FhLTExZTYtOGY4OC0zNDM2M2JjN2M0YzAiOnsiY3JlYXRlIjoxODAwMDAwMDAwMDAwLCJkZWxldGUiOjE4MDAwMDAwMDAwMDAsInJlYWQiOjMwMDAwMDAwMDAwMCwidXBkYXRlIjoxODAwMDAwMDAwMDAwfX0=",
          "dependencies": [
            "azurerm_resource_group.rg",
            "azurerm_virtual_network.myterraformnetwork",
            "random_pet.rg-name"
          ]
        }
      ]
    },
    {
      "mode": "managed",
      "type": "azurerm_virtual_network",
      "name": "myterraformnetwork",
      "provider": "provider[\"registry.terraform.io/hashicorp/azurerm\"]",
      "instances": [
        {
          "schema_version": 0,
          "attributes": {
            "address_space": [
              "10.0.0.0/16"
            ],
            "bgp_community": "",
            "ddos_protection_plan": [],
            "dns_servers": [],
            "edge_zone": "",
            "flow_timeout_in_minutes": 0,
            "guid": "d77aa847-6c73-46c8-91c4-795fe7d3af9b",
            "id": "/subscriptions/d8001963-4d58-4b89-a56f-3db63f96cbe6/resourceGroups/rg-capital-stinkbug/providers/Microsoft.Network/virtualNetworks/myVnet",
            "location": "eastus",
            "name": "myVnet",
            "resource_group_name": "rg-capital-stinkbug",
            "subnet": [],
            "tags": null,
            "timeouts": null
          },
          "sensitive_attributes": [],
          "private": "eyJlMmJmYjczMC1lY2FhLTExZTYtOGY4OC0zNDM2M2JjN2M0YzAiOnsiY3JlYXRlIjoxODAwMDAwMDAwMDAwLCJkZWxldGUiOjE4MDAwMDAwMDAwMDAsInJlYWQiOjMwMDAwMDAwMDAwMCwidXBkYXRlIjoxODAwMDAwMDAwMDAwfX0=",
          "dependencies": [
            "azurerm_resource_group.rg",
            "random_pet.rg-name"
          ]
        }
      ]
    },
    {
      "mode": "managed",
      "type": "random_id",
      "name": "randomId",
      "provider": "provider[\"registry.terraform.io/hashicorp/random\"]",
      "instances": [
        {
          "schema_version": 0,
          "attributes": {
            "b64_std": "pIaHc8hLY18=",
            "b64_url": "pIaHc8hLY18",
            "byte_length": 8,
            "dec": "11855312000450782047",
            "hex": "a4868773c84b635f",
            "id": "pIaHc8hLY18",
            "keepers": {
              "resource_group": "rg-capital-stinkbug"
            },
            "prefix": null
          },
          "sensitive_attributes": [],
          "private": "bnVsbA==",
          "dependencies": [
            "azurerm_resource_group.rg",
            "random_pet.rg-name"
          ]
        }
      ]
    },
    {
      "mode": "managed",
      "type": "random_pet",
      "name": "rg-name",
      "provider": "provider[\"registry.terraform.io/hashicorp/random\"]",
      "instances": [
        {
          "schema_version": 0,
          "attributes": {
            "id": "rg-capital-stinkbug",
            "keepers": null,
            "length": 2,
            "prefix": "rg",
            "separator": "-"
          },
          "sensitive_attributes": [],
          "private": "bnVsbA=="
        }
      ]
    },
    {
      "mode": "managed",
      "type": "tls_private_key",
      "name": "example_ssh",
      "provider": "provider[\"registry.terraform.io/hashicorp/tls\"]",
      "instances": [
        {
          "schema_version": 1,
          "attributes": {
            "algorithm": "RSA",
            "ecdsa_curve": "P224",
            "id": "18433e2c22855d18e3c11a304dda251f975f2b78",
            "private_key_openssh": "-----BEGIN OPENSSH PRIVATE KEY-----\nb3BlbnNzaC1rZXktdjEAAAAABG5vbmUAAAAEbm9uZQAAAAAAAAABAAACFwAAAAdz\nc2gtcnNhAAAAAwEAAQAAAgEAzu97IMaKNjeOkj/RgMjV6Y/j6ohqEcbSeeZc91kG\n5NxiCgKGv6EETS7h18G+JUEHr56bxEdHIjvc+L+4SIwQiQ8x2RpsBd5THUeWhavW\nmpXbshZ6xSSmd9zRDetsKgx85GBvKzTvhwEs6ekDlQcdSxL8XUx/a30JURmDuxvg\nLilkHbTA8uCUWsdVlluo8SdYjrO+gkd1poXmCqyy+0NtuI6uLZ7Zw98EW2Odz2rm\nxlN09c4WY/569ixPA8bbQmrjHCsuzy3Rh4XULy1xp8IWKbgWqXN/m9y6s0PeOFeu\n2FOLHolO6EcGcX6uHneC+sAvila6w0ijYbwD4CZpkwDAcujP3kQo2HGSyo3AGbMX\ndYzozKKk22M5M4aha0UhCMo94kED0fK81f/E4KRBjynEyfpP9YOFHCpSg0XUcTmi\nwmxTzfddeq8IMJstOY7KTIyUV0eW0uj8MUhjMQ43j37urRMi/Nz49YXMtpeY/qP/\ncyvpHh9cW7unWWXQX2B4jgtL/Qr3E8W/AlFk8uudMgcvg30x9ly6TTgMYViw5/7c\no0+UNaGlEweHzfmv8FFHlLCVdTQIvorC0FtWD7RrJgdUbbKSjBhCPX2ADhWMODwY\n0BUZ+jj1JQ3dT6Y7KHpi4eYJwcfMOuJrq6+h1FYRCgT+nxX3Nw3suCAF4ZbxsWXB\nnmkAAAc42+L7NNvi+zQAAAAHc3NoLXJzYQAAAgEAzu97IMaKNjeOkj/RgMjV6Y/j\n6ohqEcbSeeZc91kG5NxiCgKGv6EETS7h18G+JUEHr56bxEdHIjvc+L+4SIwQiQ8x\n2RpsBd5THUeWhavWmpXbshZ6xSSmd9zRDetsKgx85GBvKzTvhwEs6ekDlQcdSxL8\nXUx/a30JURmDuxvgLilkHbTA8uCUWsdVlluo8SdYjrO+gkd1poXmCqyy+0NtuI6u\nLZ7Zw98EW2Odz2rmxlN09c4WY/569ixPA8bbQmrjHCsuzy3Rh4XULy1xp8IWKbgW\nqXN/m9y6s0PeOFeu2FOLHolO6EcGcX6uHneC+sAvila6w0ijYbwD4CZpkwDAcujP\n3kQo2HGSyo3AGbMXdYzozKKk22M5M4aha0UhCMo94kED0fK81f/E4KRBjynEyfpP\n9YOFHCpSg0XUcTmiwmxTzfddeq8IMJstOY7KTIyUV0eW0uj8MUhjMQ43j37urRMi\n/Nz49YXMtpeY/qP/cyvpHh9cW7unWWXQX2B4jgtL/Qr3E8W/AlFk8uudMgcvg30x\n9ly6TTgMYViw5/7co0+UNaGlEweHzfmv8FFHlLCVdTQIvorC0FtWD7RrJgdUbbKS\njBhCPX2ADhWMODwY0BUZ+jj1JQ3dT6Y7KHpi4eYJwcfMOuJrq6+h1FYRCgT+nxX3\nNw3suCAF4ZbxsWXBnmkAAAADAQABAAACAAUOIqLlVsEGUGxQNM0BmwAurLGxDW5L\nvh6OOx0rxphWrepyr1oFE/bSu1+q8vs0AH0Q0dtUpm82qSpGfLkA+vJuNZiJJbRq\n/vrLIek4DnEOUiSimfMw9wQcl9rQMn9AeNiXZn/WtjdFFxTLxXOhjdykpReeY8p7\nbnvVtLsgbjSSfEihfskwJU+maPfYW2Mww+AQkgnatwwPX1RJbcHnnsmQar7gj49S\nZmfZIiTMBsE3jrbmhvOAZv6WjIOaGwcfV1b70xPqmaDG6y0P3iPsAOCaB6uyD57+\nIG16rfYQZkwQlmhzkELqYUTqhFRoNQHtKfwmLD/TCXK8xhd2uMOHlCvvNLbEnxGn\nxNHJoPqOAHv0i8uawnAiJkj5k+BR7noEi9BoB0Jq965241shbybVNbBIMctfRatQ\nK3Pluw1+FEKwDOtGhcHNL+5SJNz+ebUC8wVl8v8DM1yE/f+jmvJQHDrVwhNbaXE8\n7PA41RWrCWP48iPLP4BQMPYWtQD4E1FIgCNBRfcKtv1kSZTZvg7CLzIh/RRjZ1RE\n2h5uQtGo++gA9f5kNAhNts3OspWLRLBuxtmy8Ss7U0XWMnOFiPXMKr6a4cjjm/cq\nXalkVi/nIAd+4wkk/7g4TFJSgKP+DImFMa/wZ8Yq7nwkhSwt3trwUTlP8+5IW2T0\nKXR8+kgoTy5RAAABAQCCFyBWpJ2Ozrr8ydHT3UpyjCjikqHcp/82iPldV+HReQ7M\nGNCHRyMROxL57ORcaupm9xsDkvrDQHpAwE/wHCYdkRVGkTKdCwA2mjLsnQWBX5ew\nAUKeodmD59n5WPCHPzlZrxtCTeC2bK20ang0xW1lTGEjdmSYNXu/HXcsKW0LWkjT\nXVDawkRyPp0+ULtvJCnXVmDWFcQKIRK9J1cO7xVMolk2B/nRrsv/DmhCyUw9Yk02\nVEVKthXUEAPwTcHJz/17ZFFgYFWRYsfAbDolXGl07FuRHrpD0McujxJkc0bxLoet\nVc944+y8kl/FTWEC0di6btYceFxRbKKB5zATJIb5AAABAQDv7tZgy99B2EeC1Fh3\nmzcrSD+ObEkfEd76KP9CJenFlBjp81C3m3OPh0QXD+cZ2SCJ5EqR05BAjoYQdzT3\nzvtOxmE+DxhQfAwolF5wmMiC1p4iyMc1z9/v19LTDhd9qBXZOYCyj8OOWJvDg9zF\nVjbaS4jm9iZcdQOvYkIoX0AjT9mb4FFGbOlJ1b61IV8LYWDCAPVyoo1lzBV5+QzO\nCQYKOKnDKUUW7+1gubQ9sqjbQC1iKyeG4IkCLZp5kqol6efnrz3YHYqfuUwyRJ2D\nrrj6t4TGNhS1cc0mqeiKfSNKvR8UQAMqGbGZAENguG8pkwoYcdHsp9tSfKQZ2ISy\nV4U1AAABAQDcyvgBIXJBuKn8kTjXOMXP1pK/JbhjbVi6YrEehCnjRWB4iXpRqRIT\n2N8agB/t8DhoksCuDJiSLYMs5cEc7gnnaMFmeQaYeVpSbYA9lOVP7pjZRNuJ2+7K\neGYhKh8XakHXbYtHOZnXw98P/vxvCp0BKvnlNDrbjhKbjViwdTCDgBhVyh4C6dNt\nvWScWs387otvr0Os5W7iBO2gzAQoGfjqNwhmVLUyIpZS3O6Mbcsjo441gSPO4FWB\nFkY4sJ2ZX9iFROGdjFmWzvN1BBaXzj+SOYTz96Ir4ZOiwFdVB41mf8hDV/+kY2Tm\nnFZtleCLw5YU095Jxn3kp/835fwoFl7lAAAAAAEC\n-----END OPENSSH PRIVATE KEY-----\n",
            "private_key_pem": "-----BEGIN RSA PRIVATE KEY-----\nMIIJKAIBAAKCAgEAzu97IMaKNjeOkj/RgMjV6Y/j6ohqEcbSeeZc91kG5NxiCgKG\nv6EETS7h18G+JUEHr56bxEdHIjvc+L+4SIwQiQ8x2RpsBd5THUeWhavWmpXbshZ6\nxSSmd9zRDetsKgx85GBvKzTvhwEs6ekDlQcdSxL8XUx/a30JURmDuxvgLilkHbTA\n8uCUWsdVlluo8SdYjrO+gkd1poXmCqyy+0NtuI6uLZ7Zw98EW2Odz2rmxlN09c4W\nY/569ixPA8bbQmrjHCsuzy3Rh4XULy1xp8IWKbgWqXN/m9y6s0PeOFeu2FOLHolO\n6EcGcX6uHneC+sAvila6w0ijYbwD4CZpkwDAcujP3kQo2HGSyo3AGbMXdYzozKKk\n22M5M4aha0UhCMo94kED0fK81f/E4KRBjynEyfpP9YOFHCpSg0XUcTmiwmxTzfdd\neq8IMJstOY7KTIyUV0eW0uj8MUhjMQ43j37urRMi/Nz49YXMtpeY/qP/cyvpHh9c\nW7unWWXQX2B4jgtL/Qr3E8W/AlFk8uudMgcvg30x9ly6TTgMYViw5/7co0+UNaGl\nEweHzfmv8FFHlLCVdTQIvorC0FtWD7RrJgdUbbKSjBhCPX2ADhWMODwY0BUZ+jj1\nJQ3dT6Y7KHpi4eYJwcfMOuJrq6+h1FYRCgT+nxX3Nw3suCAF4ZbxsWXBnmkCAwEA\nAQKCAgAFDiKi5VbBBlBsUDTNAZsALqyxsQ1uS74ejjsdK8aYVq3qcq9aBRP20rtf\nqvL7NAB9ENHbVKZvNqkqRny5APrybjWYiSW0av76yyHpOA5xDlIkopnzMPcEHJfa\n0DJ/QHjYl2Z/1rY3RRcUy8VzoY3cpKUXnmPKe2571bS7IG40knxIoX7JMCVPpmj3\n2FtjMMPgEJIJ2rcMD19USW3B557JkGq+4I+PUmZn2SIkzAbBN4625obzgGb+loyD\nmhsHH1dW+9MT6pmgxustD94j7ADgmgersg+e/iBteq32EGZMEJZoc5BC6mFE6oRU\naDUB7Sn8Jiw/0wlyvMYXdrjDh5Qr7zS2xJ8Rp8TRyaD6jgB79IvLmsJwIiZI+ZPg\nUe56BIvQaAdCaveuduNbIW8m1TWwSDHLX0WrUCtz5bsNfhRCsAzrRoXBzS/uUiTc\n/nm1AvMFZfL/AzNchP3/o5ryUBw61cITW2lxPOzwONUVqwlj+PIjyz+AUDD2FrUA\n+BNRSIAjQUX3Crb9ZEmU2b4Owi8yIf0UY2dURNoebkLRqPvoAPX+ZDQITbbNzrKV\ni0SwbsbZsvErO1NF1jJzhYj1zCq+muHI45v3Kl2pZFYv5yAHfuMJJP+4OExSUoCj\n/gyJhTGv8GfGKu58JIUsLd7a8FE5T/PuSFtk9Cl0fPpIKE8uUQKCAQEA7+7WYMvf\nQdhHgtRYd5s3K0g/jmxJHxHe+ij/QiXpxZQY6fNQt5tzj4dEFw/nGdkgieRKkdOQ\nQI6GEHc09877TsZhPg8YUHwMKJRecJjIgtaeIsjHNc/f79fS0w4XfagV2TmAso/D\njlibw4PcxVY22kuI5vYmXHUDr2JCKF9AI0/Zm+BRRmzpSdW+tSFfC2FgwgD1cqKN\nZcwVefkMzgkGCjipwylFFu/tYLm0PbKo20AtYisnhuCJAi2aeZKqJenn56892B2K\nn7lMMkSdg664+reExjYUtXHNJqnoin0jSr0fFEADKhmxmQBDYLhvKZMKGHHR7Kfb\nUnykGdiEsleFNQKCAQEA3Mr4ASFyQbip/JE41zjFz9aSvyW4Y21YumKxHoQp40Vg\neIl6UakSE9jfGoAf7fA4aJLArgyYki2DLOXBHO4J52jBZnkGmHlaUm2APZTlT+6Y\n2UTbidvuynhmISofF2pB122LRzmZ18PfD/78bwqdASr55TQ6244Sm41YsHUwg4AY\nVcoeAunTbb1knFrN/O6Lb69DrOVu4gTtoMwEKBn46jcIZlS1MiKWUtzujG3LI6OO\nNYEjzuBVgRZGOLCdmV/YhUThnYxZls7zdQQWl84/kjmE8/eiK+GTosBXVQeNZn/I\nQ1f/pGNk5pxWbZXgi8OWFNPeScZ95Kf/N+X8KBZe5QKCAQBU2Cl46z8Uoq2PBxYN\nnZahuJe4/nPRB9nIroytUIjdNGSm/kKx2se/nn6mhRoc2toVyOPRs3WUTpH76puR\nceEOVzp13pKji2olQ2ot+OkW01vyQvum/M5cmv5TYe1Oowyu1xW6jvoBMTZLqip8\noeMdyI4t1id0lHBsKZvpeN1OX2M9KtKyy7qnQG2C0b0xYgr8L6icE/1aXRPPIRG1\nHh3DqYvmloZ2+PsBNEoXc0Eg3w3tZANDP81TNtskWIfQhmlaVW7SKIgnuTfHotns\ngfGpvxG1odQq4YZBQN4Zcuzy9fOyjnxP++wAhcZNwoqUsglk4YLxY947yhWhih5K\njoZtAoIBACuRUYbHlsgpLEHOVi0B4ua0LJjTVKMp/Iwq1VB0O9/A3NxsJFrgxdRs\nwvlzttk4wajA7Ixrp9+QY4YEgCq5PfMP1Lnnv8luiMgjG18LdoRjTH3y/G8jmucR\nAvYgXao9KWjdENKpJxZQbD+3zRAMRBbq6Ay2VbblPf670XhgZ4ZLTIIBNBLXGQVa\njfPcZzE10QXky7HeRBcNaeaE230eQuPUoC+xH2AZOxh2yAulzqPlrjYYmXxFABpM\nzuZ402BkbVE+2lZAT51WkOvSNrMV26169CVABBwskvlWguUgbGKBbH79alCB3HM0\n/kj5fimWGpNZi097f3QTQmVBWJSAdZECggEBAIIXIFaknY7OuvzJ0dPdSnKMKOKS\nodyn/zaI+V1X4dF5DswY0IdHIxE7Evns5Fxq6mb3GwOS+sNAekDAT/AcJh2RFUaR\nMp0LADaaMuydBYFfl7ABQp6h2YPn2flY8Ic/OVmvG0JN4LZsrbRqeDTFbWVMYSN2\nZJg1e78ddywpbQtaSNNdUNrCRHI+nT5Qu28kKddWYNYVxAohEr0nVw7vFUyiWTYH\n+dGuy/8OaELJTD1iTTZURUq2FdQQA/BNwcnP/XtkUWBgVZFix8BsOiVcaXTsW5Ee\nukPQxy6PEmRzRvEuh61Vz3jj7LySX8VNYQLR2Lpu1hx4XFFsooHnMBMkhvk=\n-----END RSA PRIVATE KEY-----\n",
            "private_key_pem_pkcs8": "-----BEGIN PRIVATE KEY-----\nMIIJQgIBADANBgkqhkiG9w0BAQEFAASCCSwwggkoAgEAAoICAQDO73sgxoo2N46S\nP9GAyNXpj+PqiGoRxtJ55lz3WQbk3GIKAoa/oQRNLuHXwb4lQQevnpvER0ciO9z4\nv7hIjBCJDzHZGmwF3lMdR5aFq9aalduyFnrFJKZ33NEN62wqDHzkYG8rNO+HASzp\n6QOVBx1LEvxdTH9rfQlRGYO7G+AuKWQdtMDy4JRax1WWW6jxJ1iOs76CR3WmheYK\nrLL7Q224jq4tntnD3wRbY53PaubGU3T1zhZj/nr2LE8DxttCauMcKy7PLdGHhdQv\nLXGnwhYpuBapc3+b3LqzQ944V67YU4seiU7oRwZxfq4ed4L6wC+KVrrDSKNhvAPg\nJmmTAMBy6M/eRCjYcZLKjcAZsxd1jOjMoqTbYzkzhqFrRSEIyj3iQQPR8rzV/8Tg\npEGPKcTJ+k/1g4UcKlKDRdRxOaLCbFPN9116rwgwmy05jspMjJRXR5bS6PwxSGMx\nDjePfu6tEyL83Pj1hcy2l5j+o/9zK+keH1xbu6dZZdBfYHiOC0v9CvcTxb8CUWTy\n650yBy+DfTH2XLpNOAxhWLDn/tyjT5Q1oaUTB4fN+a/wUUeUsJV1NAi+isLQW1YP\ntGsmB1RtspKMGEI9fYAOFYw4PBjQFRn6OPUlDd1PpjsoemLh5gnBx8w64murr6HU\nVhEKBP6fFfc3Dey4IAXhlvGxZcGeaQIDAQABAoICAAUOIqLlVsEGUGxQNM0BmwAu\nrLGxDW5Lvh6OOx0rxphWrepyr1oFE/bSu1+q8vs0AH0Q0dtUpm82qSpGfLkA+vJu\nNZiJJbRq/vrLIek4DnEOUiSimfMw9wQcl9rQMn9AeNiXZn/WtjdFFxTLxXOhjdyk\npReeY8p7bnvVtLsgbjSSfEihfskwJU+maPfYW2Mww+AQkgnatwwPX1RJbcHnnsmQ\nar7gj49SZmfZIiTMBsE3jrbmhvOAZv6WjIOaGwcfV1b70xPqmaDG6y0P3iPsAOCa\nB6uyD57+IG16rfYQZkwQlmhzkELqYUTqhFRoNQHtKfwmLD/TCXK8xhd2uMOHlCvv\nNLbEnxGnxNHJoPqOAHv0i8uawnAiJkj5k+BR7noEi9BoB0Jq965241shbybVNbBI\nMctfRatQK3Pluw1+FEKwDOtGhcHNL+5SJNz+ebUC8wVl8v8DM1yE/f+jmvJQHDrV\nwhNbaXE87PA41RWrCWP48iPLP4BQMPYWtQD4E1FIgCNBRfcKtv1kSZTZvg7CLzIh\n/RRjZ1RE2h5uQtGo++gA9f5kNAhNts3OspWLRLBuxtmy8Ss7U0XWMnOFiPXMKr6a\n4cjjm/cqXalkVi/nIAd+4wkk/7g4TFJSgKP+DImFMa/wZ8Yq7nwkhSwt3trwUTlP\n8+5IW2T0KXR8+kgoTy5RAoIBAQDv7tZgy99B2EeC1Fh3mzcrSD+ObEkfEd76KP9C\nJenFlBjp81C3m3OPh0QXD+cZ2SCJ5EqR05BAjoYQdzT3zvtOxmE+DxhQfAwolF5w\nmMiC1p4iyMc1z9/v19LTDhd9qBXZOYCyj8OOWJvDg9zFVjbaS4jm9iZcdQOvYkIo\nX0AjT9mb4FFGbOlJ1b61IV8LYWDCAPVyoo1lzBV5+QzOCQYKOKnDKUUW7+1gubQ9\nsqjbQC1iKyeG4IkCLZp5kqol6efnrz3YHYqfuUwyRJ2Drrj6t4TGNhS1cc0mqeiK\nfSNKvR8UQAMqGbGZAENguG8pkwoYcdHsp9tSfKQZ2ISyV4U1AoIBAQDcyvgBIXJB\nuKn8kTjXOMXP1pK/JbhjbVi6YrEehCnjRWB4iXpRqRIT2N8agB/t8DhoksCuDJiS\nLYMs5cEc7gnnaMFmeQaYeVpSbYA9lOVP7pjZRNuJ2+7KeGYhKh8XakHXbYtHOZnX\nw98P/vxvCp0BKvnlNDrbjhKbjViwdTCDgBhVyh4C6dNtvWScWs387otvr0Os5W7i\nBO2gzAQoGfjqNwhmVLUyIpZS3O6Mbcsjo441gSPO4FWBFkY4sJ2ZX9iFROGdjFmW\nzvN1BBaXzj+SOYTz96Ir4ZOiwFdVB41mf8hDV/+kY2TmnFZtleCLw5YU095Jxn3k\np/835fwoFl7lAoIBAFTYKXjrPxSirY8HFg2dlqG4l7j+c9EH2ciujK1QiN00ZKb+\nQrHax7+efqaFGhza2hXI49GzdZROkfvqm5Fx4Q5XOnXekqOLaiVDai346RbTW/JC\n+6b8zlya/lNh7U6jDK7XFbqO+gExNkuqKnyh4x3Iji3WJ3SUcGwpm+l43U5fYz0q\n0rLLuqdAbYLRvTFiCvwvqJwT/VpdE88hEbUeHcOpi+aWhnb4+wE0ShdzQSDfDe1k\nA0M/zVM22yRYh9CGaVpVbtIoiCe5N8ei2eyB8am/EbWh1CrhhkFA3hly7PL187KO\nfE/77ACFxk3CipSyCWThgvFj3jvKFaGKHkqOhm0CggEAK5FRhseWyCksQc5WLQHi\n5rQsmNNUoyn8jCrVUHQ738Dc3GwkWuDF1GzC+XO22TjBqMDsjGun35BjhgSAKrk9\n8w/Uuee/yW6IyCMbXwt2hGNMffL8byOa5xEC9iBdqj0paN0Q0qknFlBsP7fNEAxE\nFuroDLZVtuU9/rvReGBnhktMggE0EtcZBVqN89xnMTXRBeTLsd5EFw1p5oTbfR5C\n49SgL7EfYBk7GHbIC6XOo+WuNhiZfEUAGkzO5njTYGRtUT7aVkBPnVaQ69I2sxXb\nrXr0JUAEHCyS+VaC5SBsYoFsfv1qUIHcczT+SPl+KZYak1mLT3t/dBNCZUFYlIB1\nkQKCAQEAghcgVqSdjs66/MnR091Kcowo4pKh3Kf/Noj5XVfh0XkOzBjQh0cjETsS\n+ezkXGrqZvcbA5L6w0B6QMBP8BwmHZEVRpEynQsANpoy7J0FgV+XsAFCnqHZg+fZ\n+Vjwhz85Wa8bQk3gtmyttGp4NMVtZUxhI3ZkmDV7vx13LCltC1pI011Q2sJEcj6d\nPlC7byQp11Zg1hXECiESvSdXDu8VTKJZNgf50a7L/w5oQslMPWJNNlRFSrYV1BAD\n8E3Byc/9e2RRYGBVkWLHwGw6JVxpdOxbkR66Q9DHLo8SZHNG8S6HrVXPeOPsvJJf\nxU1hAtHYum7WHHhcUWyigecwEySG+Q==\n-----END PRIVATE KEY-----\n",
            "public_key_fingerprint_md5": "a3:79:99:5e:fa:ff:92:36:71:6d:bb:49:7a:6c:87:7e",
            "public_key_fingerprint_sha256": "SHA256:cqkZLdcUr2K0t/A6Tn/2GBAXhsQryODNnB11IbKQhCI",
            "public_key_openssh": "ssh-rsa AAAAB3NzaC1yc2EAAAADAQABAAACAQDO73sgxoo2N46SP9GAyNXpj+PqiGoRxtJ55lz3WQbk3GIKAoa/oQRNLuHXwb4lQQevnpvER0ciO9z4v7hIjBCJDzHZGmwF3lMdR5aFq9aalduyFnrFJKZ33NEN62wqDHzkYG8rNO+HASzp6QOVBx1LEvxdTH9rfQlRGYO7G+AuKWQdtMDy4JRax1WWW6jxJ1iOs76CR3WmheYKrLL7Q224jq4tntnD3wRbY53PaubGU3T1zhZj/nr2LE8DxttCauMcKy7PLdGHhdQvLXGnwhYpuBapc3+b3LqzQ944V67YU4seiU7oRwZxfq4ed4L6wC+KVrrDSKNhvAPgJmmTAMBy6M/eRCjYcZLKjcAZsxd1jOjMoqTbYzkzhqFrRSEIyj3iQQPR8rzV/8TgpEGPKcTJ+k/1g4UcKlKDRdRxOaLCbFPN9116rwgwmy05jspMjJRXR5bS6PwxSGMxDjePfu6tEyL83Pj1hcy2l5j+o/9zK+keH1xbu6dZZdBfYHiOC0v9CvcTxb8CUWTy650yBy+DfTH2XLpNOAxhWLDn/tyjT5Q1oaUTB4fN+a/wUUeUsJV1NAi+isLQW1YPtGsmB1RtspKMGEI9fYAOFYw4PBjQFRn6OPUlDd1PpjsoemLh5gnBx8w64murr6HUVhEKBP6fFfc3Dey4IAXhlvGxZcGeaQ==\n",
            "public_key_pem": "-----BEGIN PUBLIC KEY-----\nMIICIjANBgkqhkiG9w0BAQEFAAOCAg8AMIICCgKCAgEAzu97IMaKNjeOkj/RgMjV\n6Y/j6ohqEcbSeeZc91kG5NxiCgKGv6EETS7h18G+JUEHr56bxEdHIjvc+L+4SIwQ\niQ8x2RpsBd5THUeWhavWmpXbshZ6xSSmd9zRDetsKgx85GBvKzTvhwEs6ekDlQcd\nSxL8XUx/a30JURmDuxvgLilkHbTA8uCUWsdVlluo8SdYjrO+gkd1poXmCqyy+0Nt\nuI6uLZ7Zw98EW2Odz2rmxlN09c4WY/569ixPA8bbQmrjHCsuzy3Rh4XULy1xp8IW\nKbgWqXN/m9y6s0PeOFeu2FOLHolO6EcGcX6uHneC+sAvila6w0ijYbwD4CZpkwDA\ncujP3kQo2HGSyo3AGbMXdYzozKKk22M5M4aha0UhCMo94kED0fK81f/E4KRBjynE\nyfpP9YOFHCpSg0XUcTmiwmxTzfddeq8IMJstOY7KTIyUV0eW0uj8MUhjMQ43j37u\nrRMi/Nz49YXMtpeY/qP/cyvpHh9cW7unWWXQX2B4jgtL/Qr3E8W/AlFk8uudMgcv\ng30x9ly6TTgMYViw5/7co0+UNaGlEweHzfmv8FFHlLCVdTQIvorC0FtWD7RrJgdU\nbbKSjBhCPX2ADhWMODwY0BUZ+jj1JQ3dT6Y7KHpi4eYJwcfMOuJrq6+h1FYRCgT+\nnxX3Nw3suCAF4ZbxsWXBnmkCAwEAAQ==\n-----END PUBLIC KEY-----\n",
            "rsa_bits": 4096
          },
          "sensitive_attributes": []
        }
      ]
    }
  ]
}
