{
  "version": 4,
  "terraform_version": "1.0.7",
  "serial": 14,
  "lineage": "8b8dabfe-7138-9cd2-ec48-b0833db67688",
  "outputs": {
    "public_ip_address": {
      "value": "52.152.226.162",
      "type": "string"
    },
    "resource_group_name": {
      "value": "rg-working-mastodon",
      "type": "string"
    },
    "tls_private_key": {
      "value": "-----BEGIN RSA PRIVATE KEY-----\nMIIJKgIBAAKCAgEAzb7axVD0fZjzVRWpZA3o4ceY8pix0TSQ6JoDm8eyBXKuz1sb\nyp8em5lbD9I0zJArBslQdUPy72GTbeA4LezHCHGk96sLIuancqi5XRvckNA+gIhD\nbLLUFqLitY47Gpx7KNz6EDArkjdfp5/YahcdUElisSpr2XG05/Srmvnuv5/3NBmS\neLKJ+KBUR8fl2nBwTJRECG2ccWL+6Lj08vJuvNAwUDt6rpK8eDWb54R62ycmL6lI\nt1JOkgtuNVVgoTP0RyugWVXRIghtwucBho+YuDhwjJ0kUEhif9wiVWCz97+I+M/L\nzVL35yM9+SdHMXC/e5Cbb2sZaWMq+1cTus1SC8NYBHxV/rh0qiZuo6ZQAdJvFG2B\nw70CfN9yLB8ATUrFy6FEs4DJlx3Gr6vbShK4zU40rgoePZxX4mE+OozCwpfFh5nf\nd53ZsSMlTHWxnrez2CGelwuRvlJkBnaLms9LXJ20lLUBg4vU6CbpUSA25xhBAOZ+\ndHrKWPD2GFaLSs5ZVoN5Uwdj9732hfDUEAfzTUr15LMiO6jK/ArGHKC06bIxw2ar\nMd1sg8VmDZ1cNA6sizl+fVDnMtLw8U/DDx7QZAyXU2JJKjDYRWwfKjXnSe2UOKLl\n2U3WQ/iRijAvkPx6x5dLrN+Ec0GP9/JFqOkODLCHrF5OsiPsyKvDhNi8jn8CAwEA\nAQKCAgEAgmTmA83F1d/cv9zlqRrDsGwue/nYIE2fVTte9BjAs4E2VwZX+7eSz2yG\n8OT5P3hTPI7T5i31Rk9h/23uTPTWQ3y635hQi4MBNsLGD8N7q2+/XPh/OuGvVtVO\nt1/4B2qLB5/c/+t3gciEYBkHMF2L33lTChNnnLzauXMwWxzxehLoueVHFiWZGbCL\nGZ8QBrviADarU2gckSP7iATIgTyygAm1xPOdUgx/U/Qt5bHppwENy4EPK9gHIboK\n09RTVHc35u84RcYEr/wFjFOZfO1/Dan/cq6Y+CSYAI7EV7Xc+TQzm/UeJffiU2Pb\ngA+rqCLbyHUifZ+z0D3gXMCYKXi8+MKZpjPcG1YhFUB68kiVkT+Zkcn5o24kih89\naYuS/j3WXVXoDtKdAnXZhKd2oPsHERJXq8z91DB87FLuyc9pbmncSJGgeha7npUK\nmnLk05FA5Pty1okUcDWd1uB35IJ3zHeXMZjaoVRH8ZhvKQkO9L21wmZGE/cUeFuT\n6FnmrHmK8be1glKaHzHQVn2viGybcvvasCfVitBTnEyYg+nHR4c1Nqjj1PiCM+nM\nW1tQladIDtSIu48s0U3yR/pwW2GSUJppB1umo/O9vPrkHdII42LLlgNliQC3MqjR\nLtf1gKkIBX2Cpet6walh921888zR988CLNpn99F56qIrUxPJh6kCggEBAOkXuZX8\nAeTmpPeYk3WoTiokh0nfhTNmE0diKjHW8F7FiJui+5fTtvkOAYAZnkLXG2Z2XUYW\nZDRMxcYGTDjr+3dWOL+X283xCSrbICsx5ofWrLwqFBi9Uv6No8JdumH77L1CUqhF\nLb7iXok6vz2ckdE/lOFCTe78NPrr4f3lRohlfAHLYqpHEYRja53BuWy/dIJ2qdxL\ncnZDTRLELf2dj4g27x+Wu3nyx4rjm1WEKy5g0bpDxAl3bSZ3JLYlmmJXFNykbSNe\nHa1VC9ylgUxXb7cNE84Njo6+Jhnw0yzDiAjkC9t+wZwkN49I/RXJHrA4m9CEQBLz\nObsrFXH8EVA/DH0CggEBAOH3HWXcD3aZzW5LS0UWgoJAWS8Toy6rSIc+yiWj7lZ7\n0eiALa11k4Bg6/KTgpfDS8rbVqKtHANeVQipoujzUmz2Xy4lV2otH872ZWFWzBzt\nSRomn67lZdkKzYolTawh+cHqH8fQdTET26sAsGrtO60kwz1WkNWUUXWnLZCDnB8a\nAPy+gycDaI7kcLrp6uR5hwXWgsHyWeXr6o5V/I1pv/T7Tfskkxu4Ibdi1tJAU7nq\n6HPvNuQqU0fzuCt75zRqwAepEx+/3SUiGKl/MLLv09Rf7UYh4zkhOusC3TtyJTOc\nXRDDXOq6hvnq6tCgKCmZXJQwvN2sVXJ9iy/uHP9Mw6sCggEAcbMA9AhZZC6diakD\nRQE0H5px47cEYm4IOWnI60bNOW1hlYmK8CR1vEb4tGPKrw/+bZyPIwEJH/nS/yVT\nSPDTWQLV659HuM06i40Xw/ozWU9+MsrTwr2XHlQ47TaLFACvGiKf7zTPe60wMABY\nCNW2yzsYhEizez/LGBq3wgF0xlO6iaWMG0NPaCSW+fzlVgaN7pWzhaHH06hAkEbh\nqDSTLv6c5evAx1uFuloMC0rNRXI024byuStoMrsrTS5KgG2532bVVcsy7rntb1PM\nHlEITWIzpu81+qsGKuEuIUe/s5aJsifCiUehUmNoEJhqP8tdNflMx/Gc14/Mhi1O\nxLX8gQKCAQEAqWfnTU8u9J6YCeE++/vFOjtd4VJam4lkJajoSlHdRE8t7p3yIMIu\nJCgFnGYEmRycPOg1yl33y3q0S3tKHFUXbYNDlkf+giZ0W2gUV2aIPgOTM5zTSH7I\n3XAg6jnPQoZyRXPuAZKB2ZpmrIwmtvNGMyeFi/3TNZwtegQsv9Q7foGzTcjScLQ4\ndjBDZ44pQMLvfGv2ucqkpSA6SB2k6qvmcpbZPriL5VMlS+Q444XAf3jibtBfma01\npJLOdyM8EesaLmQOZ1YjSEyIqsIlU3FDoUuNim+rd1A3aKtMCt4nj8rhZsjgZ0YS\nHVmGU4ROt+k3JA5p+dLSeLQwXm2opan6YwKCAQEAxxtAJ+spybOXYlkCpSVBA/HJ\nMJzbvODIjZ0UkLAnr+VC3yRQOSeljgPAaSEoCsCXmmfwdGKcC4WG7Pm2B3rFE1aO\nHWQyXorbRC0YrEfx9dyY16G7knL9K7A2AhXyGqI5F5a1b+SjTQrvA9BdGXBU+K+y\na+ycfM2MD8Ymao9mxGYcXQ2PL7HoDehVbHsIOWyXFjCASh4FzanliRpknA4FQ9BS\njayLxnjZLN3uR35bS9ylNu4TvgNreEglPFW6cd6UN/ippkKzUa9mEAWVxtyFXhF+\nqArXZuiBGIRz5Wk6g6Z421QubOCinAOhdryWJzDQrcAb01HYbzotBkrl5AVNjQ==\n-----END RSA PRIVATE KEY-----\n",
      "type": "string",
      "sensitive": true
    }
  },
  "resources": [
    {
      "mode": "managed",
      "type": "azurerm_linux_virtual_machine",
      "name": "myterraformvm",
      "provider": "provider[\"registry.terraform.io/hashicorp/azurerm\"]",
      "instances": [
        {
          "schema_version": 0,
          "attributes": {
            "additional_capabilities": [],
            "admin_password": null,
            "admin_ssh_key": [
              {
                "public_key": "ssh-rsa AAAAB3NzaC1yc2EAAAADAQABAAACAQDNvtrFUPR9mPNVFalkDejhx5jymLHRNJDomgObx7IFcq7PWxvKnx6bmVsP0jTMkCsGyVB1Q/LvYZNt4Dgt7McIcaT3qwsi5qdyqLldG9yQ0D6AiENsstQWouK1jjsanHso3PoQMCuSN1+nn9hqFx1QSWKxKmvZcbTn9Kua+e6/n/c0GZJ4son4oFRHx+XacHBMlEQIbZxxYv7ouPTy8m680DBQO3qukrx4NZvnhHrbJyYvqUi3Uk6SC241VWChM/RHK6BZVdEiCG3C5wGGj5i4OHCMnSRQSGJ/3CJVYLP3v4j4z8vNUvfnIz35J0cxcL97kJtvaxlpYyr7VxO6zVILw1gEfFX+uHSqJm6jplAB0m8UbYHDvQJ833IsHwBNSsXLoUSzgMmXHcavq9tKErjNTjSuCh49nFfiYT46jMLCl8WHmd93ndmxIyVMdbGet7PYIZ6XC5G+UmQGdouaz0tcnbSUtQGDi9ToJulRIDbnGEEA5n50espY8PYYVotKzllWg3lTB2P3vfaF8NQQB/NNSvXksyI7qMr8CsYcoLTpsjHDZqsx3WyDxWYNnVw0DqyLOX59UOcy0vDxT8MPHtBkDJdTYkkqMNhFbB8qNedJ7ZQ4ouXZTdZD+JGKMC+Q/HrHl0us34RzQY/38kWo6Q4MsIesXk6yI+zIq8OE2LyOfw==\n",
                "username": "azureuser"
              }
            ],
            "admin_username": "azureuser",
            "allow_extension_operations": true,
            "availability_set_id": "",
            "boot_diagnostics": [
              {
                "storage_account_uri": "https://diag2330eb2f192eaac4.blob.core.windows.net/"
              }
            ],
            "computer_name": "myvm",
            "custom_data": null,
            "dedicated_host_group_id": "",
            "dedicated_host_id": "",
            "disable_password_authentication": true,
            "edge_zone": "",
            "encryption_at_host_enabled": false,
            "eviction_policy": "",
            "extensions_time_budget": "PT1H30M",
            "id": "/subscriptions/d8001963-4d58-4b89-a56f-3db63f96cbe6/resourceGroups/rg-working-mastodon/providers/Microsoft.Compute/virtualMachines/myVM",
            "identity": [],
            "license_type": "",
            "location": "eastus",
            "max_bid_price": -1,
            "name": "myVM",
            "network_interface_ids": [
              "/subscriptions/d8001963-4d58-4b89-a56f-3db63f96cbe6/resourceGroups/rg-working-mastodon/providers/Microsoft.Network/networkInterfaces/myNIC"
            ],
            "os_disk": [
              {
                "caching": "ReadWrite",
                "diff_disk_settings": [],
                "disk_encryption_set_id": "",
                "disk_size_gb": 30,
                "name": "myOsDisk",
                "storage_account_type": "Premium_LRS",
                "write_accelerator_enabled": false
              }
            ],
            "patch_mode": "ImageDefault",
            "plan": [],
            "platform_fault_domain": -1,
            "priority": "Regular",
            "private_ip_address": "10.0.1.4",
            "private_ip_addresses": [
              "10.0.1.4"
            ],
            "provision_vm_agent": true,
            "proximity_placement_group_id": "",
            "public_ip_address": "52.152.226.162",
            "public_ip_addresses": [
              "52.152.226.162"
            ],
            "resource_group_name": "rg-working-mastodon",
            "secret": [],
            "secure_boot_enabled": false,
            "size": "Standard_DS1_v2",
            "source_image_id": "",
            "source_image_reference": [
              {
                "offer": "UbuntuServer",
                "publisher": "Canonical",
                "sku": "18.04-LTS",
                "version": "latest"
              }
            ],
            "tags": {},
            "termination_notification": [],
            "timeouts": null,
            "user_data": "",
            "virtual_machine_id": "765df508-4c1c-460c-98ff-d65a87aee12c",
            "virtual_machine_scale_set_id": "",
            "vtpm_enabled": false,
            "zone": ""
          },
          "sensitive_attributes": [],
          "private": "eyJlMmJmYjczMC1lY2FhLTExZTYtOGY4OC0zNDM2M2JjN2M0YzAiOnsiY3JlYXRlIjoyNzAwMDAwMDAwMDAwLCJkZWxldGUiOjI3MDAwMDAwMDAwMDAsInJlYWQiOjMwMDAwMDAwMDAwMCwidXBkYXRlIjoyNzAwMDAwMDAwMDAwfX0=",
          "dependencies": [
            "azurerm_storage_account.mystorageaccount",
            "random_id.randomId",
            "tls_private_key.example_ssh",
            "azurerm_subnet.myterraformsubnet",
            "azurerm_virtual_network.myterraformnetwork",
            "random_pet.rg-name",
            "azurerm_network_interface.myterraformnic",
            "azurerm_public_ip.myterraformpublicip",
            "azurerm_resource_group.rg"
          ]
        }
      ]
    },
    {
      "mode": "managed",
      "type": "azurerm_network_interface",
      "name": "myterraformnic",
      "provider": "provider[\"registry.terraform.io/hashicorp/azurerm\"]",
      "instances": [
        {
          "schema_version": 0,
          "attributes": {
            "applied_dns_servers": [],
            "dns_servers": [],
            "edge_zone": "",
            "enable_accelerated_networking": false,
            "enable_ip_forwarding": false,
            "id": "/subscriptions/d8001963-4d58-4b89-a56f-3db63f96cbe6/resourceGroups/rg-working-mastodon/providers/Microsoft.Network/networkInterfaces/myNIC",
            "internal_dns_name_label": "",
            "internal_domain_name_suffix": "z00ctvzyffguretnmxtev5veyb.bx.internal.cloudapp.net",
            "ip_configuration": [
              {
                "gateway_load_balancer_frontend_ip_configuration_id": "",
                "name": "myNicConfiguration",
                "primary": true,
                "private_ip_address": "10.0.1.4",
                "private_ip_address_allocation": "Dynamic",
                "private_ip_address_version": "IPv4",
                "public_ip_address_id": "/subscriptions/d8001963-4d58-4b89-a56f-3db63f96cbe6/resourceGroups/rg-working-mastodon/providers/Microsoft.Network/publicIPAddresses/myPublicIP",
                "subnet_id": "/subscriptions/d8001963-4d58-4b89-a56f-3db63f96cbe6/resourceGroups/rg-working-mastodon/providers/Microsoft.Network/virtualNetworks/myVnet/subnets/mySubnet"
              }
            ],
            "location": "eastus",
            "mac_address": "00-0D-3A-8E-DC-67",
            "name": "myNIC",
            "private_ip_address": "10.0.1.4",
            "private_ip_addresses": [
              "10.0.1.4"
            ],
            "resource_group_name": "rg-working-mastodon",
            "tags": {},
            "timeouts": null,
            "virtual_machine_id": "/subscriptions/d8001963-4d58-4b89-a56f-3db63f96cbe6/resourceGroups/rg-working-mastodon/providers/Microsoft.Compute/virtualMachines/myVM"
          },
          "sensitive_attributes": [],
          "private": "eyJlMmJmYjczMC1lY2FhLTExZTYtOGY4OC0zNDM2M2JjN2M0YzAiOnsiY3JlYXRlIjoxODAwMDAwMDAwMDAwLCJkZWxldGUiOjE4MDAwMDAwMDAwMDAsInJlYWQiOjMwMDAwMDAwMDAwMCwidXBkYXRlIjoxODAwMDAwMDAwMDAwfX0=",
          "dependencies": [
            "azurerm_public_ip.myterraformpublicip",
            "azurerm_resource_group.rg",
            "azurerm_subnet.myterraformsubnet",
            "azurerm_virtual_network.myterraformnetwork",
            "random_pet.rg-name"
          ]
        }
      ]
    },
    {
      "mode": "managed",
      "type": "azurerm_network_interface_security_group_association",
      "name": "example",
      "provider": "provider[\"registry.terraform.io/hashicorp/azurerm\"]",
      "instances": [
        {
          "schema_version": 0,
          "attributes": {
            "id": "/subscriptions/d8001963-4d58-4b89-a56f-3db63f96cbe6/resourceGroups/rg-working-mastodon/providers/Microsoft.Network/networkInterfaces/myNIC|/subscriptions/d8001963-4d58-4b89-a56f-3db63f96cbe6/resourceGroups/rg-working-mastodon/providers/Microsoft.Network/networkSecurityGroups/myNetworkSecurityGroup",
            "network_interface_id": "/subscriptions/d8001963-4d58-4b89-a56f-3db63f96cbe6/resourceGroups/rg-working-mastodon/providers/Microsoft.Network/networkInterfaces/myNIC",
            "network_security_group_id": "/subscriptions/d8001963-4d58-4b89-a56f-3db63f96cbe6/resourceGroups/rg-working-mastodon/providers/Microsoft.Network/networkSecurityGroups/myNetworkSecurityGroup",
            "timeouts": null
          },
          "sensitive_attributes": [],
          "private": "eyJlMmJmYjczMC1lY2FhLTExZTYtOGY4OC0zNDM2M2JjN2M0YzAiOnsiY3JlYXRlIjoxODAwMDAwMDAwMDAwLCJkZWxldGUiOjE4MDAwMDAwMDAwMDAsInJlYWQiOjMwMDAwMDAwMDAwMCwidXBkYXRlIjoxODAwMDAwMDAwMDAwfX0=",
          "dependencies": [
            "random_pet.rg-name",
            "azurerm_network_interface.myterraformnic",
            "azurerm_network_security_group.myterraformnsg",
            "azurerm_public_ip.myterraformpublicip",
            "azurerm_resource_group.rg",
            "azurerm_subnet.myterraformsubnet",
            "azurerm_virtual_network.myterraformnetwork"
          ]
        }
      ]
    },
    {
      "mode": "managed",
      "type": "azurerm_network_security_group",
      "name": "myterraformnsg",
      "provider": "provider[\"registry.terraform.io/hashicorp/azurerm\"]",
      "instances": [
        {
          "schema_version": 0,
          "attributes": {
            "id": "/subscriptions/d8001963-4d58-4b89-a56f-3db63f96cbe6/resourceGroups/rg-working-mastodon/providers/Microsoft.Network/networkSecurityGroups/myNetworkSecurityGroup",
            "location": "eastus",
            "name": "myNetworkSecurityGroup",
            "resource_group_name": "rg-working-mastodon",
            "security_rule": [
              {
                "access": "Allow",
                "description": "",
                "destination_address_prefix": "*",
                "destination_address_prefixes": [],
                "destination_application_security_group_ids": [],
                "destination_port_range": "22",
                "destination_port_ranges": [],
                "direction": "Inbound",
                "name": "SSH",
                "priority": 1001,
                "protocol": "Tcp",
                "source_address_prefix": "*",
                "source_address_prefixes": [],
                "source_application_security_group_ids": [],
                "source_port_range": "*",
                "source_port_ranges": []
              }
            ],
            "tags": {},
            "timeouts": null
          },
          "sensitive_attributes": [],
          "private": "eyJlMmJmYjczMC1lY2FhLTExZTYtOGY4OC0zNDM2M2JjN2M0YzAiOnsiY3JlYXRlIjoxODAwMDAwMDAwMDAwLCJkZWxldGUiOjE4MDAwMDAwMDAwMDAsInJlYWQiOjMwMDAwMDAwMDAwMCwidXBkYXRlIjoxODAwMDAwMDAwMDAwfX0=",
          "dependencies": [
            "azurerm_resource_group.rg",
            "random_pet.rg-name"
          ]
        }
      ]
    },
    {
      "mode": "managed",
      "type": "azurerm_public_ip",
      "name": "myterraformpublicip",
      "provider": "provider[\"registry.terraform.io/hashicorp/azurerm\"]",
      "instances": [
        {
          "schema_version": 0,
          "attributes": {
            "allocation_method": "Dynamic",
            "domain_name_label": null,
            "edge_zone": "",
            "fqdn": null,
            "id": "/subscriptions/d8001963-4d58-4b89-a56f-3db63f96cbe6/resourceGroups/rg-working-mastodon/providers/Microsoft.Network/publicIPAddresses/myPublicIP",
            "idle_timeout_in_minutes": 4,
            "ip_address": "52.152.226.162",
            "ip_tags": {},
            "ip_version": "IPv4",
            "location": "eastus",
            "name": "myPublicIP",
            "public_ip_prefix_id": null,
            "resource_group_name": "rg-working-mastodon",
            "reverse_fqdn": null,
            "sku": "Basic",
            "sku_tier": "Regional",
            "tags": {},
            "timeouts": null,
            "zones": []
          },
          "sensitive_attributes": [],
          "private": "eyJlMmJmYjczMC1lY2FhLTExZTYtOGY4OC0zNDM2M2JjN2M0YzAiOnsiY3JlYXRlIjoxODAwMDAwMDAwMDAwLCJkZWxldGUiOjE4MDAwMDAwMDAwMDAsInJlYWQiOjMwMDAwMDAwMDAwMCwidXBkYXRlIjoxODAwMDAwMDAwMDAwfX0=",
          "dependencies": [
            "azurerm_resource_group.rg",
            "random_pet.rg-name"
          ]
        }
      ]
    },
    {
      "mode": "managed",
      "type": "azurerm_resource_group",
      "name": "rg",
      "provider": "provider[\"registry.terraform.io/hashicorp/azurerm\"]",
      "instances": [
        {
          "schema_version": 0,
          "attributes": {
            "id": "/subscriptions/d8001963-4d58-4b89-a56f-3db63f96cbe6/resourceGroups/rg-working-mastodon",
            "location": "eastus",
            "name": "rg-working-mastodon",
            "tags": {},
            "timeouts": null
          },
          "sensitive_attributes": [],
          "private": "eyJlMmJmYjczMC1lY2FhLTExZTYtOGY4OC0zNDM2M2JjN2M0YzAiOnsiY3JlYXRlIjo1NDAwMDAwMDAwMDAwLCJkZWxldGUiOjU0MDAwMDAwMDAwMDAsInJlYWQiOjMwMDAwMDAwMDAwMCwidXBkYXRlIjo1NDAwMDAwMDAwMDAwfX0=",
          "dependencies": [
            "random_pet.rg-name"
          ]
        }
      ]
    },
    {
      "mode": "managed",
      "type": "azurerm_storage_account",
      "name": "mystorageaccount",
      "provider": "provider[\"registry.terraform.io/hashicorp/azurerm\"]",
      "instances": [
        {
          "schema_version": 3,
          "attributes": {
            "access_tier": "Hot",
            "account_kind": "StorageV2",
            "account_replication_type": "LRS",
            "account_tier": "Standard",
            "allow_nested_items_to_be_public": true,
            "azure_files_authentication": [],
            "blob_properties": [
              {
                "change_feed_enabled": false,
                "container_delete_retention_policy": [],
                "cors_rule": [],
                "default_service_version": "",
                "delete_retention_policy": [],
                "last_access_time_enabled": false,
                "versioning_enabled": false
              }
            ],
            "custom_domain": [],
            "customer_managed_key": [],
            "edge_zone": "",
            "enable_https_traffic_only": true,
            "id": "/subscriptions/d8001963-4d58-4b89-a56f-3db63f96cbe6/resourceGroups/rg-working-mastodon/providers/Microsoft.Storage/storageAccounts/diag2330eb2f192eaac4",
            "identity": [],
            "infrastructure_encryption_enabled": false,
            "is_hns_enabled": false,
            "large_file_share_enabled": null,
            "location": "eastus",
            "min_tls_version": "TLS1_2",
            "name": "diag2330eb2f192eaac4",
            "network_rules": [
              {
                "bypass": [
                  "AzureServices"
                ],
                "default_action": "Allow",
                "ip_rules": [],
                "private_link_access": [],
                "virtual_network_subnet_ids": []
              }
            ],
            "nfsv3_enabled": false,
            "primary_access_key": "VUT+jFw26Y2fBFREzeauRBTTDeHEFG/Fl0HatDv/XlbRljiKjHQ//FIlA/hnoShu0oSy9NGzWmkk+AStQHZEEg==",
            "primary_blob_connection_string": "DefaultEndpointsProtocol=https;BlobEndpoint=https://diag2330eb2f192eaac4.blob.core.windows.net/;AccountName=diag2330eb2f192eaac4;AccountKey=VUT+jFw26Y2fBFREzeauRBTTDeHEFG/Fl0HatDv/XlbRljiKjHQ//FIlA/hnoShu0oSy9NGzWmkk+AStQHZEEg==",
            "primary_blob_endpoint": "https://diag2330eb2f192eaac4.blob.core.windows.net/",
            "primary_blob_host": "diag2330eb2f192eaac4.blob.core.windows.net",
            "primary_connection_string": "DefaultEndpointsProtocol=https;AccountName=diag2330eb2f192eaac4;AccountKey=VUT+jFw26Y2fBFREzeauRBTTDeHEFG/Fl0HatDv/XlbRljiKjHQ//FIlA/hnoShu0oSy9NGzWmkk+AStQHZEEg==;EndpointSuffix=core.windows.net",
            "primary_dfs_endpoint": "https://diag2330eb2f192eaac4.dfs.core.windows.net/",
            "primary_dfs_host": "diag2330eb2f192eaac4.dfs.core.windows.net",
            "primary_file_endpoint": "https://diag2330eb2f192eaac4.file.core.windows.net/",
            "primary_file_host": "diag2330eb2f192eaac4.file.core.windows.net",
            "primary_location": "eastus",
            "primary_queue_endpoint": "https://diag2330eb2f192eaac4.queue.core.windows.net/",
            "primary_queue_host": "diag2330eb2f192eaac4.queue.core.windows.net",
            "primary_table_endpoint": "https://diag2330eb2f192eaac4.table.core.windows.net/",
            "primary_table_host": "diag2330eb2f192eaac4.table.core.windows.net",
            "primary_web_endpoint": "https://diag2330eb2f192eaac4.z13.web.core.windows.net/",
            "primary_web_host": "diag2330eb2f192eaac4.z13.web.core.windows.net",
            "queue_encryption_key_type": "Service",
            "queue_properties": [
              {
                "cors_rule": [],
                "hour_metrics": [
                  {
                    "enabled": true,
                    "include_apis": true,
                    "retention_policy_days": 7,
                    "version": "1.0"
                  }
                ],
                "logging": [
                  {
                    "delete": false,
                    "read": false,
                    "retention_policy_days": 0,
                    "version": "1.0",
                    "write": false
                  }
                ],
                "minute_metrics": [
                  {
                    "enabled": false,
                    "include_apis": false,
                    "retention_policy_days": 0,
                    "version": "1.0"
                  }
                ]
              }
            ],
            "resource_group_name": "rg-working-mastodon",
            "routing": [],
            "secondary_access_key": "VzPOTyOFV5Hy7lqFMGvBtnAPidx1iNZGAm5ocaJI6mDMq7wZEIvho5sRp+v/gpuDkSWrA4QbAN+i+AStZn9P8Q==",
            "secondary_blob_connection_string": "",
            "secondary_blob_endpoint": null,
            "secondary_blob_host": null,
            "secondary_connection_string": "DefaultEndpointsProtocol=https;AccountName=diag2330eb2f192eaac4;AccountKey=VzPOTyOFV5Hy7lqFMGvBtnAPidx1iNZGAm5ocaJI6mDMq7wZEIvho5sRp+v/gpuDkSWrA4QbAN+i+AStZn9P8Q==;EndpointSuffix=core.windows.net",
            "secondary_dfs_endpoint": null,
            "secondary_dfs_host": null,
            "secondary_file_endpoint": null,
            "secondary_file_host": null,
            "secondary_location": "",
            "secondary_queue_endpoint": null,
            "secondary_queue_host": null,
            "secondary_table_endpoint": null,
            "secondary_table_host": null,
            "secondary_web_endpoint": null,
            "secondary_web_host": null,
            "share_properties": [
              {
                "cors_rule": [],
                "retention_policy": [
                  {
                    "days": 7
                  }
                ],
                "smb": []
              }
            ],
            "shared_access_key_enabled": true,
            "static_website": [],
            "table_encryption_key_type": "Service",
            "tags": {},
            "timeouts": null
          },
          "sensitive_attributes": [],
          "private": "eyJlMmJmYjczMC1lY2FhLTExZTYtOGY4OC0zNDM2M2JjN2M0YzAiOnsiY3JlYXRlIjozNjAwMDAwMDAwMDAwLCJkZWxldGUiOjM2MDAwMDAwMDAwMDAsInJlYWQiOjMwMDAwMDAwMDAwMCwidXBkYXRlIjozNjAwMDAwMDAwMDAwfSwic2NoZW1hX3ZlcnNpb24iOiIzIn0=",
          "dependencies": [
            "azurerm_resource_group.rg",
            "random_id.randomId",
            "random_pet.rg-name"
          ]
        }
      ]
    },
    {
      "mode": "managed",
      "type": "azurerm_subnet",
      "name": "myterraformsubnet",
      "provider": "provider[\"registry.terraform.io/hashicorp/azurerm\"]",
      "instances": [
        {
          "schema_version": 0,
          "attributes": {
            "address_prefixes": [
              "10.0.1.0/24"
            ],
            "delegation": [],
            "enforce_private_link_endpoint_network_policies": false,
            "enforce_private_link_service_network_policies": false,
            "id": "/subscriptions/d8001963-4d58-4b89-a56f-3db63f96cbe6/resourceGroups/rg-working-mastodon/providers/Microsoft.Network/virtualNetworks/myVnet/subnets/mySubnet",
            "name": "mySubnet",
            "resource_group_name": "rg-working-mastodon",
            "service_endpoint_policy_ids": [],
            "service_endpoints": [],
            "timeouts": null,
            "virtual_network_name": "myVnet"
          },
          "sensitive_attributes": [],
          "private": "eyJlMmJmYjczMC1lY2FhLTExZTYtOGY4OC0zNDM2M2JjN2M0YzAiOnsiY3JlYXRlIjoxODAwMDAwMDAwMDAwLCJkZWxldGUiOjE4MDAwMDAwMDAwMDAsInJlYWQiOjMwMDAwMDAwMDAwMCwidXBkYXRlIjoxODAwMDAwMDAwMDAwfX0=",
          "dependencies": [
            "azurerm_resource_group.rg",
            "azurerm_virtual_network.myterraformnetwork",
            "random_pet.rg-name"
          ]
        }
      ]
    },
    {
      "mode": "managed",
      "type": "azurerm_virtual_network",
      "name": "myterraformnetwork",
      "provider": "provider[\"registry.terraform.io/hashicorp/azurerm\"]",
      "instances": [
        {
          "schema_version": 0,
          "attributes": {
            "address_space": [
              "10.0.0.0/16"
            ],
            "bgp_community": "",
            "ddos_protection_plan": [],
            "dns_servers": [],
            "edge_zone": "",
            "flow_timeout_in_minutes": 0,
            "guid": "d729b4ce-2938-484d-926d-65e64afea4c1",
            "id": "/subscriptions/d8001963-4d58-4b89-a56f-3db63f96cbe6/resourceGroups/rg-working-mastodon/providers/Microsoft.Network/virtualNetworks/myVnet",
            "location": "eastus",
            "name": "myVnet",
            "resource_group_name": "rg-working-mastodon",
            "subnet": [
              {
                "address_prefix": "10.0.1.0/24",
                "id": "/subscriptions/d8001963-4d58-4b89-a56f-3db63f96cbe6/resourceGroups/rg-working-mastodon/providers/Microsoft.Network/virtualNetworks/myVnet/subnets/mySubnet",
                "name": "mySubnet",
                "security_group": ""
              }
            ],
            "tags": {},
            "timeouts": null
          },
          "sensitive_attributes": [],
          "private": "eyJlMmJmYjczMC1lY2FhLTExZTYtOGY4OC0zNDM2M2JjN2M0YzAiOnsiY3JlYXRlIjoxODAwMDAwMDAwMDAwLCJkZWxldGUiOjE4MDAwMDAwMDAwMDAsInJlYWQiOjMwMDAwMDAwMDAwMCwidXBkYXRlIjoxODAwMDAwMDAwMDAwfX0=",
          "dependencies": [
            "azurerm_resource_group.rg",
            "random_pet.rg-name"
          ]
        }
      ]
    },
    {
      "mode": "managed",
      "type": "random_id",
      "name": "randomId",
      "provider": "provider[\"registry.terraform.io/hashicorp/random\"]",
      "instances": [
        {
          "schema_version": 0,
          "attributes": {
            "b64_std": "IzDrLxkuqsQ=",
            "b64_url": "IzDrLxkuqsQ",
            "byte_length": 8,
            "dec": "2535785177728068292",
            "hex": "2330eb2f192eaac4",
            "id": "IzDrLxkuqsQ",
            "keepers": {
              "resource_group": "rg-working-mastodon"
            },
            "prefix": null
          },
          "sensitive_attributes": [],
          "private": "bnVsbA==",
          "dependencies": [
            "azurerm_resource_group.rg",
            "random_pet.rg-name"
          ]
        }
      ]
    },
    {
      "mode": "managed",
      "type": "random_pet",
      "name": "rg-name",
      "provider": "provider[\"registry.terraform.io/hashicorp/random\"]",
      "instances": [
        {
          "schema_version": 0,
          "attributes": {
            "id": "rg-working-mastodon",
            "keepers": null,
            "length": 2,
            "prefix": "rg",
            "separator": "-"
          },
          "sensitive_attributes": [],
          "private": "bnVsbA=="
        }
      ]
    },
    {
      "mode": "managed",
      "type": "tls_private_key",
      "name": "example_ssh",
      "provider": "provider[\"registry.terraform.io/hashicorp/tls\"]",
      "instances": [
        {
          "schema_version": 1,
          "attributes": {
            "algorithm": "RSA",
            "ecdsa_curve": "P224",
            "id": "97def53370841e0853913fb39f280554d1fc811a",
            "private_key_openssh": "-----BEGIN OPENSSH PRIVATE KEY-----\nb3BlbnNzaC1rZXktdjEAAAAABG5vbmUAAAAEbm9uZQAAAAAAAAABAAACFwAAAAdz\nc2gtcnNhAAAAAwEAAQAAAgEAzb7axVD0fZjzVRWpZA3o4ceY8pix0TSQ6JoDm8ey\nBXKuz1sbyp8em5lbD9I0zJArBslQdUPy72GTbeA4LezHCHGk96sLIuancqi5XRvc\nkNA+gIhDbLLUFqLitY47Gpx7KNz6EDArkjdfp5/YahcdUElisSpr2XG05/Srmvnu\nv5/3NBmSeLKJ+KBUR8fl2nBwTJRECG2ccWL+6Lj08vJuvNAwUDt6rpK8eDWb54R6\n2ycmL6lIt1JOkgtuNVVgoTP0RyugWVXRIghtwucBho+YuDhwjJ0kUEhif9wiVWCz\n97+I+M/LzVL35yM9+SdHMXC/e5Cbb2sZaWMq+1cTus1SC8NYBHxV/rh0qiZuo6ZQ\nAdJvFG2Bw70CfN9yLB8ATUrFy6FEs4DJlx3Gr6vbShK4zU40rgoePZxX4mE+OozC\nwpfFh5nfd53ZsSMlTHWxnrez2CGelwuRvlJkBnaLms9LXJ20lLUBg4vU6CbpUSA2\n5xhBAOZ+dHrKWPD2GFaLSs5ZVoN5Uwdj9732hfDUEAfzTUr15LMiO6jK/ArGHKC0\n6bIxw2arMd1sg8VmDZ1cNA6sizl+fVDnMtLw8U/DDx7QZAyXU2JJKjDYRWwfKjXn\nSe2UOKLl2U3WQ/iRijAvkPx6x5dLrN+Ec0GP9/JFqOkODLCHrF5OsiPsyKvDhNi8\njn8AAAc4kXlObJF5TmwAAAAHc3NoLXJzYQAAAgEAzb7axVD0fZjzVRWpZA3o4ceY\n8pix0TSQ6JoDm8eyBXKuz1sbyp8em5lbD9I0zJArBslQdUPy72GTbeA4LezHCHGk\n96sLIuancqi5XRvckNA+gIhDbLLUFqLitY47Gpx7KNz6EDArkjdfp5/YahcdUEli\nsSpr2XG05/Srmvnuv5/3NBmSeLKJ+KBUR8fl2nBwTJRECG2ccWL+6Lj08vJuvNAw\nUDt6rpK8eDWb54R62ycmL6lIt1JOkgtuNVVgoTP0RyugWVXRIghtwucBho+YuDhw\njJ0kUEhif9wiVWCz97+I+M/LzVL35yM9+SdHMXC/e5Cbb2sZaWMq+1cTus1SC8NY\nBHxV/rh0qiZuo6ZQAdJvFG2Bw70CfN9yLB8ATUrFy6FEs4DJlx3Gr6vbShK4zU40\nrgoePZxX4mE+OozCwpfFh5nfd53ZsSMlTHWxnrez2CGelwuRvlJkBnaLms9LXJ20\nlLUBg4vU6CbpUSA25xhBAOZ+dHrKWPD2GFaLSs5ZVoN5Uwdj9732hfDUEAfzTUr1\n5LMiO6jK/ArGHKC06bIxw2arMd1sg8VmDZ1cNA6sizl+fVDnMtLw8U/DDx7QZAyX\nU2JJKjDYRWwfKjXnSe2UOKLl2U3WQ/iRijAvkPx6x5dLrN+Ec0GP9/JFqOkODLCH\nrF5OsiPsyKvDhNi8jn8AAAADAQABAAACAQCCZOYDzcXV39y/3OWpGsOwbC57+dgg\nTZ9VO170GMCzgTZXBlf7t5LPbIbw5Pk/eFM8jtPmLfVGT2H/be5M9NZDfLrfmFCL\ngwE2wsYPw3urb79c+H864a9W1U63X/gHaosHn9z/63eByIRgGQcwXYvfeVMKE2ec\nvNq5czBbHPF6Eui55UcWJZkZsIsZnxAGu+IANqtTaByRI/uIBMiBPLKACbXE851S\nDH9T9C3lsemnAQ3LgQ8r2AchugrT1FNUdzfm7zhFxgSv/AWMU5l87X8Nqf9yrpj4\nJJgAjsRXtdz5NDOb9R4l9+JTY9uAD6uoItvIdSJ9n7PQPeBcwJgpeLz4wpmmM9wb\nViEVQHrySJWRP5mRyfmjbiSKHz1pi5L+PdZdVegO0p0CddmEp3ag+wcRElerzP3U\nMHzsUu7Jz2luadxIkaB6FruelQqacuTTkUDk+3LWiRRwNZ3W4HfkgnfMd5cxmNqh\nVEfxmG8pCQ70vbXCZkYT9xR4W5PoWeaseYrxt7WCUpofMdBWfa+IbJty+9qwJ9WK\n0FOcTJiD6cdHhzU2qOPU+IIz6cxbW1CVp0gO1Ii7jyzRTfJH+nBbYZJQmmkHW6aj\n8728+uQd0gjjYsuWA2WJALcyqNEu1/WAqQgFfYKl63rBqWH3bXzzzNH3zwIs2mf3\n0XnqoitTE8mHqQAAAQEAxxtAJ+spybOXYlkCpSVBA/HJMJzbvODIjZ0UkLAnr+VC\n3yRQOSeljgPAaSEoCsCXmmfwdGKcC4WG7Pm2B3rFE1aOHWQyXorbRC0YrEfx9dyY\n16G7knL9K7A2AhXyGqI5F5a1b+SjTQrvA9BdGXBU+K+ya+ycfM2MD8Ymao9mxGYc\nXQ2PL7HoDehVbHsIOWyXFjCASh4FzanliRpknA4FQ9BSjayLxnjZLN3uR35bS9yl\nNu4TvgNreEglPFW6cd6UN/ippkKzUa9mEAWVxtyFXhF+qArXZuiBGIRz5Wk6g6Z4\n21QubOCinAOhdryWJzDQrcAb01HYbzotBkrl5AVNjQAAAQEA6Re5lfwB5Oak95iT\ndahOKiSHSd+FM2YTR2IqMdbwXsWIm6L7l9O2+Q4BgBmeQtcbZnZdRhZkNEzFxgZM\nOOv7d1Y4v5fbzfEJKtsgKzHmh9asvCoUGL1S/o2jwl26YfvsvUJSqEUtvuJeiTq/\nPZyR0T+U4UJN7vw0+uvh/eVGiGV8ActiqkcRhGNrncG5bL90gnap3EtydkNNEsQt\n/Z2PiDbvH5a7efLHiuObVYQrLmDRukPECXdtJncktiWaYlcU3KRtI14drVUL3KWB\nTFdvtw0Tzg2Ojr4mGfDTLMOICOQL237BnCQ3j0j9FckesDib0IRAEvM5uysVcfwR\nUD8MfQAAAQEA4fcdZdwPdpnNbktLRRaCgkBZLxOjLqtIhz7KJaPuVnvR6IAtrXWT\ngGDr8pOCl8NLyttWoq0cA15VCKmi6PNSbPZfLiVXai0fzvZlYVbMHO1JGiafruVl\n2QrNiiVNrCH5weofx9B1MRPbqwCwau07rSTDPVaQ1ZRRdactkIOcHxoA/L6DJwNo\njuRwuunq5HmHBdaCwfJZ5evqjlX8jWm/9PtN+ySTG7ght2LW0kBTueroc+825CpT\nR/O4K3vnNGrAB6kTH7/dJSIYqX8wsu/T1F/tRiHjOSE66wLdO3IlM5xdEMNc6rqG\n+erq0KAoKZlclDC83axVcn2LL+4c/0zDqwAAAAAB\n-----END OPENSSH PRIVATE KEY-----\n",
            "private_key_pem": "-----BEGIN RSA PRIVATE KEY-----\nMIIJKgIBAAKCAgEAzb7axVD0fZjzVRWpZA3o4ceY8pix0TSQ6JoDm8eyBXKuz1sb\nyp8em5lbD9I0zJArBslQdUPy72GTbeA4LezHCHGk96sLIuancqi5XRvckNA+gIhD\nbLLUFqLitY47Gpx7KNz6EDArkjdfp5/YahcdUElisSpr2XG05/Srmvnuv5/3NBmS\neLKJ+KBUR8fl2nBwTJRECG2ccWL+6Lj08vJuvNAwUDt6rpK8eDWb54R62ycmL6lI\nt1JOkgtuNVVgoTP0RyugWVXRIghtwucBho+YuDhwjJ0kUEhif9wiVWCz97+I+M/L\nzVL35yM9+SdHMXC/e5Cbb2sZaWMq+1cTus1SC8NYBHxV/rh0qiZuo6ZQAdJvFG2B\nw70CfN9yLB8ATUrFy6FEs4DJlx3Gr6vbShK4zU40rgoePZxX4mE+OozCwpfFh5nf\nd53ZsSMlTHWxnrez2CGelwuRvlJkBnaLms9LXJ20lLUBg4vU6CbpUSA25xhBAOZ+\ndHrKWPD2GFaLSs5ZVoN5Uwdj9732hfDUEAfzTUr15LMiO6jK/ArGHKC06bIxw2ar\nMd1sg8VmDZ1cNA6sizl+fVDnMtLw8U/DDx7QZAyXU2JJKjDYRWwfKjXnSe2UOKLl\n2U3WQ/iRijAvkPx6x5dLrN+Ec0GP9/JFqOkODLCHrF5OsiPsyKvDhNi8jn8CAwEA\nAQKCAgEAgmTmA83F1d/cv9zlqRrDsGwue/nYIE2fVTte9BjAs4E2VwZX+7eSz2yG\n8OT5P3hTPI7T5i31Rk9h/23uTPTWQ3y635hQi4MBNsLGD8N7q2+/XPh/OuGvVtVO\nt1/4B2qLB5/c/+t3gciEYBkHMF2L33lTChNnnLzauXMwWxzxehLoueVHFiWZGbCL\nGZ8QBrviADarU2gckSP7iATIgTyygAm1xPOdUgx/U/Qt5bHppwENy4EPK9gHIboK\n09RTVHc35u84RcYEr/wFjFOZfO1/Dan/cq6Y+CSYAI7EV7Xc+TQzm/UeJffiU2Pb\ngA+rqCLbyHUifZ+z0D3gXMCYKXi8+MKZpjPcG1YhFUB68kiVkT+Zkcn5o24kih89\naYuS/j3WXVXoDtKdAnXZhKd2oPsHERJXq8z91DB87FLuyc9pbmncSJGgeha7npUK\nmnLk05FA5Pty1okUcDWd1uB35IJ3zHeXMZjaoVRH8ZhvKQkO9L21wmZGE/cUeFuT\n6FnmrHmK8be1glKaHzHQVn2viGybcvvasCfVitBTnEyYg+nHR4c1Nqjj1PiCM+nM\nW1tQladIDtSIu48s0U3yR/pwW2GSUJppB1umo/O9vPrkHdII42LLlgNliQC3MqjR\nLtf1gKkIBX2Cpet6walh921888zR988CLNpn99F56qIrUxPJh6kCggEBAOkXuZX8\nAeTmpPeYk3WoTiokh0nfhTNmE0diKjHW8F7FiJui+5fTtvkOAYAZnkLXG2Z2XUYW\nZDRMxcYGTDjr+3dWOL+X283xCSrbICsx5ofWrLwqFBi9Uv6No8JdumH77L1CUqhF\nLb7iXok6vz2ckdE/lOFCTe78NPrr4f3lRohlfAHLYqpHEYRja53BuWy/dIJ2qdxL\ncnZDTRLELf2dj4g27x+Wu3nyx4rjm1WEKy5g0bpDxAl3bSZ3JLYlmmJXFNykbSNe\nHa1VC9ylgUxXb7cNE84Njo6+Jhnw0yzDiAjkC9t+wZwkN49I/RXJHrA4m9CEQBLz\nObsrFXH8EVA/DH0CggEBAOH3HWXcD3aZzW5LS0UWgoJAWS8Toy6rSIc+yiWj7lZ7\n0eiALa11k4Bg6/KTgpfDS8rbVqKtHANeVQipoujzUmz2Xy4lV2otH872ZWFWzBzt\nSRomn67lZdkKzYolTawh+cHqH8fQdTET26sAsGrtO60kwz1WkNWUUXWnLZCDnB8a\nAPy+gycDaI7kcLrp6uR5hwXWgsHyWeXr6o5V/I1pv/T7Tfskkxu4Ibdi1tJAU7nq\n6HPvNuQqU0fzuCt75zRqwAepEx+/3SUiGKl/MLLv09Rf7UYh4zkhOusC3TtyJTOc\nXRDDXOq6hvnq6tCgKCmZXJQwvN2sVXJ9iy/uHP9Mw6sCggEAcbMA9AhZZC6diakD\nRQE0H5px47cEYm4IOWnI60bNOW1hlYmK8CR1vEb4tGPKrw/+bZyPIwEJH/nS/yVT\nSPDTWQLV659HuM06i40Xw/ozWU9+MsrTwr2XHlQ47TaLFACvGiKf7zTPe60wMABY\nCNW2yzsYhEizez/LGBq3wgF0xlO6iaWMG0NPaCSW+fzlVgaN7pWzhaHH06hAkEbh\nqDSTLv6c5evAx1uFuloMC0rNRXI024byuStoMrsrTS5KgG2532bVVcsy7rntb1PM\nHlEITWIzpu81+qsGKuEuIUe/s5aJsifCiUehUmNoEJhqP8tdNflMx/Gc14/Mhi1O\nxLX8gQKCAQEAqWfnTU8u9J6YCeE++/vFOjtd4VJam4lkJajoSlHdRE8t7p3yIMIu\nJCgFnGYEmRycPOg1yl33y3q0S3tKHFUXbYNDlkf+giZ0W2gUV2aIPgOTM5zTSH7I\n3XAg6jnPQoZyRXPuAZKB2ZpmrIwmtvNGMyeFi/3TNZwtegQsv9Q7foGzTcjScLQ4\ndjBDZ44pQMLvfGv2ucqkpSA6SB2k6qvmcpbZPriL5VMlS+Q444XAf3jibtBfma01\npJLOdyM8EesaLmQOZ1YjSEyIqsIlU3FDoUuNim+rd1A3aKtMCt4nj8rhZsjgZ0YS\nHVmGU4ROt+k3JA5p+dLSeLQwXm2opan6YwKCAQEAxxtAJ+spybOXYlkCpSVBA/HJ\nMJzbvODIjZ0UkLAnr+VC3yRQOSeljgPAaSEoCsCXmmfwdGKcC4WG7Pm2B3rFE1aO\nHWQyXorbRC0YrEfx9dyY16G7knL9K7A2AhXyGqI5F5a1b+SjTQrvA9BdGXBU+K+y\na+ycfM2MD8Ymao9mxGYcXQ2PL7HoDehVbHsIOWyXFjCASh4FzanliRpknA4FQ9BS\njayLxnjZLN3uR35bS9ylNu4TvgNreEglPFW6cd6UN/ippkKzUa9mEAWVxtyFXhF+\nqArXZuiBGIRz5Wk6g6Z421QubOCinAOhdryWJzDQrcAb01HYbzotBkrl5AVNjQ==\n-----END RSA PRIVATE KEY-----\n",
            "private_key_pem_pkcs8": "-----BEGIN PRIVATE KEY-----\nMIIJRAIBADANBgkqhkiG9w0BAQEFAASCCS4wggkqAgEAAoICAQDNvtrFUPR9mPNV\nFalkDejhx5jymLHRNJDomgObx7IFcq7PWxvKnx6bmVsP0jTMkCsGyVB1Q/LvYZNt\n4Dgt7McIcaT3qwsi5qdyqLldG9yQ0D6AiENsstQWouK1jjsanHso3PoQMCuSN1+n\nn9hqFx1QSWKxKmvZcbTn9Kua+e6/n/c0GZJ4son4oFRHx+XacHBMlEQIbZxxYv7o\nuPTy8m680DBQO3qukrx4NZvnhHrbJyYvqUi3Uk6SC241VWChM/RHK6BZVdEiCG3C\n5wGGj5i4OHCMnSRQSGJ/3CJVYLP3v4j4z8vNUvfnIz35J0cxcL97kJtvaxlpYyr7\nVxO6zVILw1gEfFX+uHSqJm6jplAB0m8UbYHDvQJ833IsHwBNSsXLoUSzgMmXHcav\nq9tKErjNTjSuCh49nFfiYT46jMLCl8WHmd93ndmxIyVMdbGet7PYIZ6XC5G+UmQG\ndouaz0tcnbSUtQGDi9ToJulRIDbnGEEA5n50espY8PYYVotKzllWg3lTB2P3vfaF\n8NQQB/NNSvXksyI7qMr8CsYcoLTpsjHDZqsx3WyDxWYNnVw0DqyLOX59UOcy0vDx\nT8MPHtBkDJdTYkkqMNhFbB8qNedJ7ZQ4ouXZTdZD+JGKMC+Q/HrHl0us34RzQY/3\n8kWo6Q4MsIesXk6yI+zIq8OE2LyOfwIDAQABAoICAQCCZOYDzcXV39y/3OWpGsOw\nbC57+dggTZ9VO170GMCzgTZXBlf7t5LPbIbw5Pk/eFM8jtPmLfVGT2H/be5M9NZD\nfLrfmFCLgwE2wsYPw3urb79c+H864a9W1U63X/gHaosHn9z/63eByIRgGQcwXYvf\neVMKE2ecvNq5czBbHPF6Eui55UcWJZkZsIsZnxAGu+IANqtTaByRI/uIBMiBPLKA\nCbXE851SDH9T9C3lsemnAQ3LgQ8r2AchugrT1FNUdzfm7zhFxgSv/AWMU5l87X8N\nqf9yrpj4JJgAjsRXtdz5NDOb9R4l9+JTY9uAD6uoItvIdSJ9n7PQPeBcwJgpeLz4\nwpmmM9wbViEVQHrySJWRP5mRyfmjbiSKHz1pi5L+PdZdVegO0p0CddmEp3ag+wcR\nElerzP3UMHzsUu7Jz2luadxIkaB6FruelQqacuTTkUDk+3LWiRRwNZ3W4HfkgnfM\nd5cxmNqhVEfxmG8pCQ70vbXCZkYT9xR4W5PoWeaseYrxt7WCUpofMdBWfa+IbJty\n+9qwJ9WK0FOcTJiD6cdHhzU2qOPU+IIz6cxbW1CVp0gO1Ii7jyzRTfJH+nBbYZJQ\nmmkHW6aj8728+uQd0gjjYsuWA2WJALcyqNEu1/WAqQgFfYKl63rBqWH3bXzzzNH3\nzwIs2mf30XnqoitTE8mHqQKCAQEA6Re5lfwB5Oak95iTdahOKiSHSd+FM2YTR2Iq\nMdbwXsWIm6L7l9O2+Q4BgBmeQtcbZnZdRhZkNEzFxgZMOOv7d1Y4v5fbzfEJKtsg\nKzHmh9asvCoUGL1S/o2jwl26YfvsvUJSqEUtvuJeiTq/PZyR0T+U4UJN7vw0+uvh\n/eVGiGV8ActiqkcRhGNrncG5bL90gnap3EtydkNNEsQt/Z2PiDbvH5a7efLHiuOb\nVYQrLmDRukPECXdtJncktiWaYlcU3KRtI14drVUL3KWBTFdvtw0Tzg2Ojr4mGfDT\nLMOICOQL237BnCQ3j0j9FckesDib0IRAEvM5uysVcfwRUD8MfQKCAQEA4fcdZdwP\ndpnNbktLRRaCgkBZLxOjLqtIhz7KJaPuVnvR6IAtrXWTgGDr8pOCl8NLyttWoq0c\nA15VCKmi6PNSbPZfLiVXai0fzvZlYVbMHO1JGiafruVl2QrNiiVNrCH5weofx9B1\nMRPbqwCwau07rSTDPVaQ1ZRRdactkIOcHxoA/L6DJwNojuRwuunq5HmHBdaCwfJZ\n5evqjlX8jWm/9PtN+ySTG7ght2LW0kBTueroc+825CpTR/O4K3vnNGrAB6kTH7/d\nJSIYqX8wsu/T1F/tRiHjOSE66wLdO3IlM5xdEMNc6rqG+erq0KAoKZlclDC83axV\ncn2LL+4c/0zDqwKCAQBxswD0CFlkLp2JqQNFATQfmnHjtwRibgg5acjrRs05bWGV\niYrwJHW8Rvi0Y8qvD/5tnI8jAQkf+dL/JVNI8NNZAtXrn0e4zTqLjRfD+jNZT34y\nytPCvZceVDjtNosUAK8aIp/vNM97rTAwAFgI1bbLOxiESLN7P8sYGrfCAXTGU7qJ\npYwbQ09oJJb5/OVWBo3ulbOFocfTqECQRuGoNJMu/pzl68DHW4W6WgwLSs1FcjTb\nhvK5K2gyuytNLkqAbbnfZtVVyzLuue1vU8weUQhNYjOm7zX6qwYq4S4hR7+zlomy\nJ8KJR6FSY2gQmGo/y101+UzH8ZzXj8yGLU7EtfyBAoIBAQCpZ+dNTy70npgJ4T77\n+8U6O13hUlqbiWQlqOhKUd1ETy3unfIgwi4kKAWcZgSZHJw86DXKXffLerRLe0oc\nVRdtg0OWR/6CJnRbaBRXZog+A5MznNNIfsjdcCDqOc9ChnJFc+4BkoHZmmasjCa2\n80YzJ4WL/dM1nC16BCy/1Dt+gbNNyNJwtDh2MENnjilAwu98a/a5yqSlIDpIHaTq\nq+Zyltk+uIvlUyVL5DjjhcB/eOJu0F+ZrTWkks53IzwR6xouZA5nViNITIiqwiVT\ncUOhS42Kb6t3UDdoq0wK3iePyuFmyOBnRhIdWYZThE636TckDmn50tJ4tDBebail\nqfpjAoIBAQDHG0An6ynJs5diWQKlJUED8ckwnNu84MiNnRSQsCev5ULfJFA5J6WO\nA8BpISgKwJeaZ/B0YpwLhYbs+bYHesUTVo4dZDJeittELRisR/H13JjXobuScv0r\nsDYCFfIaojkXlrVv5KNNCu8D0F0ZcFT4r7Jr7Jx8zYwPxiZqj2bEZhxdDY8vsegN\n6FVsewg5bJcWMIBKHgXNqeWJGmScDgVD0FKNrIvGeNks3e5HfltL3KU27hO+A2t4\nSCU8Vbpx3pQ3+KmmQrNRr2YQBZXG3IVeEX6oCtdm6IEYhHPlaTqDpnjbVC5s4KKc\nA6F2vJYnMNCtwBvTUdhvOi0GSuXkBU2N\n-----END PRIVATE KEY-----\n",
            "public_key_fingerprint_md5": "67:60:e9:a8:ec:5e:06:9c:ec:03:e7:ab:ba:bc:08:88",
            "public_key_fingerprint_sha256": "SHA256:UueEMh5aXgnt8C7kTpNwmz0deI850mIVX8xQZxlJ+OQ",
            "public_key_openssh": "ssh-rsa AAAAB3NzaC1yc2EAAAADAQABAAACAQDNvtrFUPR9mPNVFalkDejhx5jymLHRNJDomgObx7IFcq7PWxvKnx6bmVsP0jTMkCsGyVB1Q/LvYZNt4Dgt7McIcaT3qwsi5qdyqLldG9yQ0D6AiENsstQWouK1jjsanHso3PoQMCuSN1+nn9hqFx1QSWKxKmvZcbTn9Kua+e6/n/c0GZJ4son4oFRHx+XacHBMlEQIbZxxYv7ouPTy8m680DBQO3qukrx4NZvnhHrbJyYvqUi3Uk6SC241VWChM/RHK6BZVdEiCG3C5wGGj5i4OHCMnSRQSGJ/3CJVYLP3v4j4z8vNUvfnIz35J0cxcL97kJtvaxlpYyr7VxO6zVILw1gEfFX+uHSqJm6jplAB0m8UbYHDvQJ833IsHwBNSsXLoUSzgMmXHcavq9tKErjNTjSuCh49nFfiYT46jMLCl8WHmd93ndmxIyVMdbGet7PYIZ6XC5G+UmQGdouaz0tcnbSUtQGDi9ToJulRIDbnGEEA5n50espY8PYYVotKzllWg3lTB2P3vfaF8NQQB/NNSvXksyI7qMr8CsYcoLTpsjHDZqsx3WyDxWYNnVw0DqyLOX59UOcy0vDxT8MPHtBkDJdTYkkqMNhFbB8qNedJ7ZQ4ouXZTdZD+JGKMC+Q/HrHl0us34RzQY/38kWo6Q4MsIesXk6yI+zIq8OE2LyOfw==\n",
            "public_key_pem": "-----BEGIN PUBLIC KEY-----\nMIICIjANBgkqhkiG9w0BAQEFAAOCAg8AMIICCgKCAgEAzb7axVD0fZjzVRWpZA3o\n4ceY8pix0TSQ6JoDm8eyBXKuz1sbyp8em5lbD9I0zJArBslQdUPy72GTbeA4LezH\nCHGk96sLIuancqi5XRvckNA+gIhDbLLUFqLitY47Gpx7KNz6EDArkjdfp5/Yahcd\nUElisSpr2XG05/Srmvnuv5/3NBmSeLKJ+KBUR8fl2nBwTJRECG2ccWL+6Lj08vJu\nvNAwUDt6rpK8eDWb54R62ycmL6lIt1JOkgtuNVVgoTP0RyugWVXRIghtwucBho+Y\nuDhwjJ0kUEhif9wiVWCz97+I+M/LzVL35yM9+SdHMXC/e5Cbb2sZaWMq+1cTus1S\nC8NYBHxV/rh0qiZuo6ZQAdJvFG2Bw70CfN9yLB8ATUrFy6FEs4DJlx3Gr6vbShK4\nzU40rgoePZxX4mE+OozCwpfFh5nfd53ZsSMlTHWxnrez2CGelwuRvlJkBnaLms9L\nXJ20lLUBg4vU6CbpUSA25xhBAOZ+dHrKWPD2GFaLSs5ZVoN5Uwdj9732hfDUEAfz\nTUr15LMiO6jK/ArGHKC06bIxw2arMd1sg8VmDZ1cNA6sizl+fVDnMtLw8U/DDx7Q\nZAyXU2JJKjDYRWwfKjXnSe2UOKLl2U3WQ/iRijAvkPx6x5dLrN+Ec0GP9/JFqOkO\nDLCHrF5OsiPsyKvDhNi8jn8CAwEAAQ==\n-----END PUBLIC KEY-----\n",
            "rsa_bits": 4096
          },
          "sensitive_attributes": []
        }
      ]
    }
  ]
}
